{
  "version": 4,
  "terraform_version": "0.12.26",
  "serial": 33,
  "lineage": "d2c05f7e-c9db-ce4c-7169-179be468793d",
  "outputs": {
    "network": {
      "value": "vpc-02822ed62dbf9efa2",
      "type": "string"
    }
  },
  "resources": [
    {
      "mode": "managed",
      "type": "aws_instance",
      "name": "foo",
      "provider": "provider.aws",
      "instances": [
        {
          "schema_version": 1,
          "attributes": {
            "ami": "ami-0015b9ef68c77328d",
            "arn": "arn:aws:ec2:us-east-1:704314669955:instance/i-0108bdd70bf2b5e2d",
            "associate_public_ip_address": true,
            "availability_zone": "us-east-1c",
            "cpu_core_count": 1,
            "cpu_threads_per_core": 1,
            "credit_specification": [
              {
                "cpu_credits": "standard"
              }
            ],
            "disable_api_termination": false,
            "ebs_block_device": [],
            "ebs_optimized": false,
            "ephemeral_block_device": [],
            "get_password_data": false,
            "hibernation": false,
            "host_id": null,
            "iam_instance_profile": "",
            "id": "i-0108bdd70bf2b5e2d",
            "instance_initiated_shutdown_behavior": null,
            "instance_state": "running",
            "instance_type": "t2.micro",
            "ipv6_address_count": 0,
            "ipv6_addresses": [],
            "key_name": "deployer-key1",
            "metadata_options": [
              {
                "http_endpoint": "enabled",
                "http_put_response_hop_limit": 1,
                "http_tokens": "optional"
              }
            ],
            "monitoring": false,
            "network_interface": [],
            "network_interface_id": null,
            "outpost_arn": "",
            "password_data": "",
            "placement_group": "",
            "primary_network_interface_id": "eni-03e6e2c495a2fa7a7",
            "private_dns": "ip-10-0-2-235.ec2.internal",
            "private_ip": "10.0.2.235",
            "public_dns": "",
            "public_ip": "54.163.212.75",
            "root_block_device": [
              {
                "delete_on_termination": true,
                "device_name": "/dev/sda1",
                "encrypted": false,
                "iops": 100,
                "kms_key_id": "",
                "volume_id": "vol-0aa3854e394cb0b6e",
                "volume_size": 10,
                "volume_type": "gp2"
              }
            ],
            "security_groups": [],
            "source_dest_check": true,
            "subnet_id": "subnet-0d62e9710a6f37834",
            "tags": null,
            "tenancy": "default",
            "timeouts": null,
            "user_data": "cf243d090f2543e1b904091aacdb2432c6d2415e",
            "user_data_base64": null,
            "volume_tags": {},
            "vpc_security_group_ids": [
              "sg-0c9f9729a81698281"
            ]
          },
          "private": "eyJlMmJmYjczMC1lY2FhLTExZTYtOGY4OC0zNDM2M2JjN2M0YzAiOnsiY3JlYXRlIjo2MDAwMDAwMDAwMDAsImRlbGV0ZSI6MTIwMDAwMDAwMDAwMCwidXBkYXRlIjo2MDAwMDAwMDAwMDB9LCJzY2hlbWFfdmVyc2lvbiI6IjEifQ==",
          "dependencies": [
            "module.network.aws_subnet.local"
          ]
        }
      ]
    },
    {
      "module": "module.internet",
      "mode": "managed",
      "type": "aws_internet_gateway",
      "name": "igw",
      "provider": "provider.aws",
      "instances": [
        {
          "schema_version": 0,
          "attributes": {
            "arn": "arn:aws:ec2:us-east-1:704314669955:internet-gateway/igw-0ddc42783bd96633d",
            "id": "igw-0ddc42783bd96633d",
            "owner_id": "704314669955",
            "tags": {
              "Name": "main"
            },
            "vpc_id": "vpc-02822ed62dbf9efa2"
          },
          "private": "bnVsbA==",
          "dependencies": [
            "module.network.aws_vpc.local"
          ]
        }
      ]
    },
    {
      "mode": "managed",
      "type": "aws_key_pair",
      "name": "deployer",
      "provider": "provider.aws",
      "instances": [
        {
          "schema_version": 1,
          "attributes": {
            "arn": "arn:aws:ec2:us-east-1:704314669955:key-pair/deployer-key1",
            "fingerprint": "71:b6:06:49:73:f5:0e:cb:0e:44:9f:07:7a:9b:81:d8",
            "id": "deployer-key1",
            "key_name": "deployer-key1",
            "key_name_prefix": null,
            "key_pair_id": "key-01bce9e4fd3ba2b7d",
            "public_key": "ssh-rsa AAAAB3NzaC1yc2EAAAADAQABAAABAQC3/ehwf7NhZk0NecWSTuXoA6wo+byffGSHEtA+XZ6zX2myIDfvYY+Q0TgE4nA8shIXXjxRjhLOWzKuXoaxmeuksZbdZuQKMqltD1J5RXs1VcHZcoWcXTs7u/yJmFLfziNpoSYpWSj067WffbLuaKnL/EE/0F9xgdpVU1M8yYKJpLODAYpnypdH+vDg9B9YX8wj1MYLUCRAKp8Xo0PkLDUw8n4p7BUiNWvZncLWdrp55csZxL3XHBIbLvei+1o8Vf9CuC4cnrgmwqWshzfxlLn7d4uUDZ3MOH7Aqz6RBXrAEFgdK6o0CLTyldxitKsm8SMNXgQrT6T27Vpt5/Z7AvgN root@ansible",
            "tags": {}
          },
          "private": "eyJzY2hlbWFfdmVyc2lvbiI6IjEifQ=="
        }
      ]
    },
    {
      "mode": "managed",
      "type": "aws_route_table",
      "name": "routing",
      "provider": "provider.aws",
      "instances": [
        {
          "schema_version": 0,
          "attributes": {
            "id": "rtb-0805a251e06ed9ae7",
            "owner_id": "704314669955",
            "propagating_vgws": [],
            "route": [
              {
                "cidr_block": "0.0.0.0/0",
                "egress_only_gateway_id": "",
                "gateway_id": "igw-0ddc42783bd96633d",
                "instance_id": "",
                "ipv6_cidr_block": "",
                "nat_gateway_id": "",
                "network_interface_id": "",
                "transit_gateway_id": "",
                "vpc_peering_connection_id": ""
              }
            ],
            "tags": {
              "Name": "main"
            },
            "vpc_id": "vpc-02822ed62dbf9efa2"
          },
          "private": "bnVsbA==",
          "dependencies": [
            "module.internet.aws_internet_gateway.igw",
            "module.network.aws_vpc.local"
          ]
        }
      ]
    },
    {
      "module": "module.network",
      "mode": "managed",
      "type": "aws_subnet",
      "name": "local",
      "provider": "provider.aws",
      "instances": [
        {
          "schema_version": 1,
          "attributes": {
            "arn": "arn:aws:ec2:us-east-1:704314669955:subnet/subnet-0d62e9710a6f37834",
            "assign_ipv6_address_on_creation": false,
            "availability_zone": "us-east-1c",
            "availability_zone_id": "use1-az4",
            "cidr_block": "10.0.2.0/24",
            "id": "subnet-0d62e9710a6f37834",
            "ipv6_cidr_block": "",
            "ipv6_cidr_block_association_id": "",
            "map_public_ip_on_launch": true,
            "outpost_arn": "",
            "owner_id": "704314669955",
            "tags": {
              "Name": "Main"
            },
            "timeouts": null,
            "vpc_id": "vpc-02822ed62dbf9efa2"
          },
          "private": "eyJlMmJmYjczMC1lY2FhLTExZTYtOGY4OC0zNDM2M2JjN2M0YzAiOnsiY3JlYXRlIjo2MDAwMDAwMDAwMDAsImRlbGV0ZSI6MTIwMDAwMDAwMDAwMH0sInNjaGVtYV92ZXJzaW9uIjoiMSJ9",
          "dependencies": [
            "module.network.aws_vpc.local"
          ]
        }
      ]
    },
    {
      "module": "module.network",
      "mode": "managed",
      "type": "aws_vpc",
      "name": "local",
      "provider": "provider.aws",
      "instances": [
        {
          "schema_version": 1,
          "attributes": {
            "arn": "arn:aws:ec2:us-east-1:704314669955:vpc/vpc-02822ed62dbf9efa2",
            "assign_generated_ipv6_cidr_block": false,
            "cidr_block": "10.0.0.0/16",
            "default_network_acl_id": "acl-057c716e328cfa283",
            "default_route_table_id": "rtb-086dcf6cfafac7f10",
            "default_security_group_id": "sg-0c9f9729a81698281",
            "dhcp_options_id": "dopt-021d3c20c0f2552ae",
            "enable_classiclink": false,
            "enable_classiclink_dns_support": false,
            "enable_dns_hostnames": false,
            "enable_dns_support": true,
            "id": "vpc-02822ed62dbf9efa2",
            "instance_tenancy": "default",
            "ipv6_association_id": "",
            "ipv6_cidr_block": "",
            "main_route_table_id": "rtb-086dcf6cfafac7f10",
            "owner_id": "704314669955",
            "tags": {
              "Name": "local"
            }
          },
          "private": "eyJzY2hlbWFfdmVyc2lvbiI6IjEifQ=="
        }
      ]
    }
  ]
}
