{
  "version": 4,
  "terraform_version": "0.12.20",
  "serial": 418,
  "lineage": "4ec8e263-eaf9-692f-20ae-577affcdc3fc",
  "outputs": {
    "play": {
      "value": "",
      "type": "string"
    }
  },
  "resources": [
    {
      "module": "module.ec2",
      "mode": "managed",
      "type": "aws_eip",
      "name": "lb",
      "provider": "provider.aws",
      "instances": [
        {
          "schema_version": 0,
          "attributes": {
            "allocation_id": null,
            "associate_with_private_ip": null,
            "association_id": "eipassoc-0f101aa7c01dd75d7",
            "domain": "vpc",
            "id": "eipalloc-0dc205f1604f9e2f1",
            "instance": "i-0faec3719827468be",
            "network_interface": "eni-015ff8651772c2b1a",
            "private_dns": "ip-172-16-10-101.us-west-2.compute.internal",
            "private_ip": "172.16.10.101",
            "public_dns": "ec2-52-32-116-206.us-west-2.compute.amazonaws.com",
            "public_ip": "52.32.116.206",
            "public_ipv4_pool": "amazon",
            "tags": null,
            "timeouts": null,
            "vpc": true
          },
          "private": "eyJlMmJmYjczMC1lY2FhLTExZTYtOGY4OC0zNDM2M2JjN2M0YzAiOnsiZGVsZXRlIjoxODAwMDAwMDAwMDAsInJlYWQiOjkwMDAwMDAwMDAwMCwidXBkYXRlIjozMDAwMDAwMDAwMDB9fQ==",
          "dependencies": [
            "aws_network_interface.foo",
            "aws_subnet.my_subnet",
            "aws_vpc.my_vpc",
            "module.ec2.aws_instance.foo"
          ]
        }
      ]
    },
    {
      "module": "module.ec2",
      "mode": "managed",
      "type": "aws_instance",
      "name": "foo",
      "provider": "provider.aws",
      "instances": [
        {
          "schema_version": 1,
          "attributes": {
            "ami": "ami-04590e7389a6e577c",
            "arn": "arn:aws:ec2:us-west-2:995686029593:instance/i-0faec3719827468be",
            "associate_public_ip_address": false,
            "availability_zone": "us-west-2a",
            "cpu_core_count": 1,
            "cpu_threads_per_core": 1,
            "credit_specification": [
              {
                "cpu_credits": "unlimited"
              }
            ],
            "disable_api_termination": false,
            "ebs_block_device": [],
            "ebs_optimized": false,
            "ephemeral_block_device": [],
            "get_password_data": false,
            "host_id": null,
            "iam_instance_profile": "",
            "id": "i-0faec3719827468be",
            "instance_initiated_shutdown_behavior": null,
            "instance_state": "running",
            "instance_type": "t2.micro",
            "ipv6_address_count": 0,
            "ipv6_addresses": [],
            "key_name": "deployer-key",
            "monitoring": false,
            "network_interface": [
              {
                "delete_on_termination": false,
                "device_index": 0,
                "network_interface_id": "eni-015ff8651772c2b1a"
              }
            ],
            "network_interface_id": null,
            "password_data": "",
            "placement_group": "",
            "primary_network_interface_id": "eni-015ff8651772c2b1a",
            "private_dns": "ip-172-16-10-101.us-west-2.compute.internal",
            "private_ip": "172.16.10.101",
            "public_dns": "",
            "public_ip": "",
            "root_block_device": [
              {
                "delete_on_termination": true,
                "encrypted": false,
                "iops": 100,
                "kms_key_id": "",
                "volume_id": "vol-031573871c6ebaa4d",
                "volume_size": 8,
                "volume_type": "gp2"
              }
            ],
            "security_groups": [],
            "source_dest_check": true,
            "subnet_id": "subnet-00bba9224c0ae90d4",
            "tags": {
              "Name": "praveen"
            },
            "tenancy": "default",
            "timeouts": null,
            "user_data": "253e6dede8107523a43f9460570dd49face0d977",
            "user_data_base64": null,
            "volume_tags": {},
            "vpc_security_group_ids": [
              "sg-08e617bfc0db44f7e",
              "sg-0d3a9db029c6099dc"
            ]
          },
          "private": "eyJlMmJmYjczMC1lY2FhLTExZTYtOGY4OC0zNDM2M2JjN2M0YzAiOnsiY3JlYXRlIjo2MDAwMDAwMDAwMDAsImRlbGV0ZSI6MTIwMDAwMDAwMDAwMCwidXBkYXRlIjo2MDAwMDAwMDAwMDB9LCJzY2hlbWFfdmVyc2lvbiI6IjEifQ==",
          "dependencies": [
            "aws_network_interface.foo",
            "aws_subnet.my_subnet",
            "aws_vpc.my_vpc"
          ]
        }
      ]
    },
    {
      "mode": "managed",
      "type": "aws_internet_gateway",
      "name": "gw",
      "provider": "provider.aws",
      "instances": [
        {
          "schema_version": 0,
          "attributes": {
            "id": "igw-09f4ece42ca1ae948",
            "owner_id": "995686029593",
            "tags": {
              "Name": "main"
            },
            "vpc_id": "vpc-0717c923a8488cdc7"
          },
          "private": "bnVsbA==",
          "dependencies": [
            "aws_vpc.my_vpc"
          ]
        }
      ]
    },
    {
      "mode": "managed",
      "type": "aws_key_pair",
      "name": "deployer",
      "provider": "provider.aws",
      "instances": [
        {
          "schema_version": 1,
          "attributes": {
            "fingerprint": "3e:8e:36:15:cc:df:78:5a:cc:10:45:ff:5a:c3:32:6f",
            "id": "deployer-key",
            "key_name": "deployer-key",
            "key_name_prefix": null,
            "key_pair_id": "key-08c95d0c96d7f099f",
            "public_key": "ssh-rsa AAAAB3NzaC1yc2EAAAADAQABAAABAQCnbsilZ+KvYsNPYe+exIc0YDDoi8uhinBRhETuuqHgLMCny2P9zt9UOIe7u02ik6zs/IC3KrYuRo9kV07dzvcMy7PuKpKBWOqoDaUJ71Dkb02NM71RSm1CLZYADXBzCNpRRNFRe4slwX8ktmg/jU5Kj1ZRckbBAFF49cTsQWczHvyUT6JJ5hIzTtDPdUGX2gi3xE6rvTiPGWj9RAbFh9xqbUD0YRYC2yv3t/+o/5kJT28HfqMjz6MDoYbLVGott4x6COH35EfsA9SniOU5hcQncYbxkzWWdgPD3Qo1RTuu0cpaKPWnBbCMI+Gc/13vINZD4s8YVlnVDtncm4JA0rJ3 sam",
            "tags": null
          },
          "private": "eyJzY2hlbWFfdmVyc2lvbiI6IjEifQ=="
        }
      ]
    },
    {
      "mode": "managed",
      "type": "aws_network_interface",
      "name": "foo",
      "provider": "provider.aws",
      "instances": [
        {
          "schema_version": 0,
          "attributes": {
            "attachment": [],
            "description": "",
            "id": "eni-015ff8651772c2b1a",
            "mac_address": "02:17:91:7f:37:1e",
            "private_dns_name": "",
            "private_ip": "172.16.10.101",
            "private_ips": [
              "172.16.10.101"
            ],
            "private_ips_count": 0,
            "security_groups": [
              "sg-0d3a9db029c6099dc"
            ],
            "source_dest_check": true,
            "subnet_id": "subnet-00bba9224c0ae90d4",
            "tags": {
              "Name": "primary_network_interface"
            }
          },
          "private": "bnVsbA==",
          "dependencies": [
            "aws_subnet.my_subnet",
            "aws_vpc.my_vpc"
          ]
        }
      ]
    },
    {
      "mode": "managed",
      "type": "aws_network_interface",
      "name": "foo1",
      "provider": "provider.aws",
      "instances": [
        {
          "schema_version": 0,
          "attributes": {
            "attachment": [],
            "description": "",
            "id": "eni-025451643ede1adc7",
            "mac_address": "02:0c:7c:2a:8b:bc",
            "private_dns_name": "",
            "private_ip": "172.16.10.216",
            "private_ips": [
              "172.16.10.216"
            ],
            "private_ips_count": 0,
            "security_groups": [
              "sg-0d3a9db029c6099dc"
            ],
            "source_dest_check": true,
            "subnet_id": "subnet-00bba9224c0ae90d4",
            "tags": {
              "Name": "primary_network_interface"
            }
          },
          "private": "bnVsbA==",
          "dependencies": [
            "aws_subnet.my_subnet",
            "aws_vpc.my_vpc"
          ]
        }
      ]
    },
    {
      "module": "module.ec2",
      "mode": "managed",
      "type": "aws_network_interface_sg_attachment",
      "name": "sg_attachment",
      "provider": "provider.aws",
      "instances": [
        {
          "schema_version": 0,
          "attributes": {
            "id": "sg-08e617bfc0db44f7e_eni-015ff8651772c2b1a",
            "network_interface_id": "eni-015ff8651772c2b1a",
            "security_group_id": "sg-08e617bfc0db44f7e"
          },
          "private": "bnVsbA==",
          "dependencies": [
            "aws_network_interface.foo",
            "aws_security_group.ssh",
            "aws_subnet.my_subnet",
            "aws_vpc.my_vpc"
          ]
        }
      ]
    },
    {
      "mode": "managed",
      "type": "aws_route_table",
      "name": "subnet-private-routing",
      "provider": "provider.aws",
      "instances": [
        {
          "schema_version": 0,
          "attributes": {
            "id": "rtb-03ce40b4ccb66fbb5",
            "owner_id": "995686029593",
            "propagating_vgws": [],
            "route": [
              {
                "cidr_block": "0.0.0.0/0",
                "egress_only_gateway_id": "",
                "gateway_id": "igw-09f4ece42ca1ae948",
                "instance_id": "",
                "ipv6_cidr_block": "",
                "nat_gateway_id": "",
                "network_interface_id": "",
                "transit_gateway_id": "",
                "vpc_peering_connection_id": ""
              }
            ],
            "tags": {
              "Name": "Public Subnet"
            },
            "vpc_id": "vpc-0717c923a8488cdc7"
          },
          "private": "bnVsbA==",
          "dependencies": [
            "aws_internet_gateway.gw",
            "aws_vpc.my_vpc"
          ]
        }
      ]
    },
    {
      "mode": "managed",
      "type": "aws_route_table_association",
      "name": "assso",
      "provider": "provider.aws",
      "instances": [
        {
          "schema_version": 0,
          "attributes": {
            "gateway_id": null,
            "id": "rtbassoc-0969074d8c067766d",
            "route_table_id": "rtb-03ce40b4ccb66fbb5",
            "subnet_id": "subnet-00bba9224c0ae90d4"
          },
          "private": "bnVsbA==",
          "dependencies": [
            "aws_internet_gateway.gw",
            "aws_route_table.subnet-private-routing",
            "aws_subnet.my_subnet",
            "aws_vpc.my_vpc"
          ]
        }
      ]
    },
    {
      "mode": "managed",
      "type": "aws_security_group",
      "name": "ssh",
      "provider": "provider.aws",
      "instances": [
        {
          "schema_version": 1,
          "attributes": {
            "arn": "arn:aws:ec2:us-west-2:995686029593:security-group/sg-08e617bfc0db44f7e",
            "description": "Allow TLS inbound traffic",
            "egress": [],
            "id": "sg-08e617bfc0db44f7e",
            "ingress": [
              {
                "cidr_blocks": [
                  "0.0.0.0/0"
                ],
                "description": "",
                "from_port": 22,
                "ipv6_cidr_blocks": [],
                "prefix_list_ids": [],
                "protocol": "tcp",
                "security_groups": [],
                "self": false,
                "to_port": 22
              },
              {
                "cidr_blocks": [
                  "0.0.0.0/0"
                ],
                "description": "",
                "from_port": 8080,
                "ipv6_cidr_blocks": [],
                "prefix_list_ids": [],
                "protocol": "tcp",
                "security_groups": [],
                "self": false,
                "to_port": 8080
              }
            ],
            "name": "allow_tls",
            "name_prefix": null,
            "owner_id": "995686029593",
            "revoke_rules_on_delete": false,
            "tags": {
              "Name": "allow_all"
            },
            "timeouts": null,
            "vpc_id": "vpc-0717c923a8488cdc7"
          },
          "private": "eyJlMmJmYjczMC1lY2FhLTExZTYtOGY4OC0zNDM2M2JjN2M0YzAiOnsiY3JlYXRlIjo2MDAwMDAwMDAwMDAsImRlbGV0ZSI6NjAwMDAwMDAwMDAwfSwic2NoZW1hX3ZlcnNpb24iOiIxIn0=",
          "dependencies": [
            "aws_vpc.my_vpc"
          ]
        }
      ]
    },
    {
      "mode": "managed",
      "type": "aws_subnet",
      "name": "my_subnet",
      "provider": "provider.aws",
      "instances": [
        {
          "schema_version": 1,
          "attributes": {
            "arn": "arn:aws:ec2:us-west-2:995686029593:subnet/subnet-00bba9224c0ae90d4",
            "assign_ipv6_address_on_creation": false,
            "availability_zone": "us-west-2a",
            "availability_zone_id": "usw2-az1",
            "cidr_block": "172.16.10.0/24",
            "id": "subnet-00bba9224c0ae90d4",
            "ipv6_cidr_block": "",
            "ipv6_cidr_block_association_id": "",
            "map_public_ip_on_launch": false,
            "owner_id": "995686029593",
            "tags": {
              "Name": "tf-example"
            },
            "timeouts": null,
            "vpc_id": "vpc-0717c923a8488cdc7"
          },
          "private": "eyJlMmJmYjczMC1lY2FhLTExZTYtOGY4OC0zNDM2M2JjN2M0YzAiOnsiY3JlYXRlIjo2MDAwMDAwMDAwMDAsImRlbGV0ZSI6MTIwMDAwMDAwMDAwMH0sInNjaGVtYV92ZXJzaW9uIjoiMSJ9",
          "dependencies": [
            "aws_vpc.my_vpc"
          ]
        }
      ]
    },
    {
      "mode": "managed",
      "type": "aws_vpc",
      "name": "my_vpc",
      "provider": "provider.aws",
      "instances": [
        {
          "schema_version": 1,
          "attributes": {
            "arn": "arn:aws:ec2:us-west-2:995686029593:vpc/vpc-0717c923a8488cdc7",
            "assign_generated_ipv6_cidr_block": false,
            "cidr_block": "172.16.0.0/16",
            "default_network_acl_id": "acl-0b7d3e9dfa81ed2cc",
            "default_route_table_id": "rtb-0ba7b033471a76646",
            "default_security_group_id": "sg-0d3a9db029c6099dc",
            "dhcp_options_id": "dopt-0822a7d47b3d5f28a",
            "enable_classiclink": false,
            "enable_classiclink_dns_support": false,
            "enable_dns_hostnames": false,
            "enable_dns_support": true,
            "id": "vpc-0717c923a8488cdc7",
            "instance_tenancy": "default",
            "ipv6_association_id": "",
            "ipv6_cidr_block": "",
            "main_route_table_id": "rtb-0ba7b033471a76646",
            "owner_id": "995686029593",
            "tags": {
              "Name": "tf-example"
            }
          },
          "private": "eyJzY2hlbWFfdmVyc2lvbiI6IjEifQ=="
        }
      ]
    }
  ]
}
