{
  "version": 4,
  "terraform_version": "0.12.26",
  "serial": 4,
  "lineage": "3a632105-63f8-51d6-1f45-ff59332b2111",
  "outputs": {},
  "resources": [
    {
      "mode": "managed",
      "type": "azurerm_log_analytics_solution",
      "name": "test",
      "provider": "provider.azurerm",
      "instances": [
        {
          "schema_version": 0,
          "attributes": {
            "id": "/subscriptions/d0bf3c95-4528-4b9e-a252-41d489c7fe27/resourcegroups/azure-k8stest/providers/Microsoft.OperationsManagement/solutions/ContainerInsights(testLogAnalyticsWorkspaceName-1881249254284366138)",
            "location": "eastus",
            "plan": [
              {
                "name": "ContainerInsights(testLogAnalyticsWorkspaceName-1881249254284366138)",
                "product": "OMSGallery/ContainerInsights",
                "promotion_code": "",
                "publisher": "Microsoft"
              }
            ],
            "resource_group_name": "azure-k8stest",
            "solution_name": "ContainerInsights",
            "timeouts": null,
            "workspace_name": "testLogAnalyticsWorkspaceName-1881249254284366138",
            "workspace_resource_id": "/subscriptions/d0bf3c95-4528-4b9e-a252-41d489c7fe27/resourcegroups/azure-k8stest/providers/Microsoft.OperationalInsights/workspaces/testLogAnalyticsWorkspaceName-1881249254284366138"
          },
          "private": "eyJlMmJmYjczMC1lY2FhLTExZTYtOGY4OC0zNDM2M2JjN2M0YzAiOnsiY3JlYXRlIjoxODAwMDAwMDAwMDAwLCJkZWxldGUiOjE4MDAwMDAwMDAwMDAsInJlYWQiOjMwMDAwMDAwMDAwMCwidXBkYXRlIjoxODAwMDAwMDAwMDAwfX0=",
          "dependencies": [
            "azurerm_log_analytics_workspace.test",
            "azurerm_resource_group.k8s",
            "random_id.log_analytics_workspace_name_suffix"
          ]
        }
      ]
    },
    {
      "mode": "managed",
      "type": "azurerm_log_analytics_workspace",
      "name": "test",
      "provider": "provider.azurerm",
      "instances": [
        {
          "schema_version": 0,
          "attributes": {
            "id": "/subscriptions/d0bf3c95-4528-4b9e-a252-41d489c7fe27/resourcegroups/azure-k8stest/providers/microsoft.operationalinsights/workspaces/testloganalyticsworkspacename-1881249254284366138",
            "location": "eastus",
            "name": "testLogAnalyticsWorkspaceName-1881249254284366138",
            "portal_url": "",
            "primary_shared_key": "y2PWWOGuJx5IKe2VHAfpwrwtTZVLP9KkPt89jRT0vdkKRY8Ap3mKdmPztxgeug7Na9qlW7T6/wKgIUACM5hlmA==",
            "resource_group_name": "azure-k8stest",
            "retention_in_days": 30,
            "secondary_shared_key": "89ct5EklOBlqjHhOjF78nGxoptFbAihUIiEYK7bAfZphND43ED5P+zCdYrKSPpfofTCtVuwMlJ970NnkUkAysw==",
            "sku": "pergb2018",
            "tags": {},
            "timeouts": null,
            "workspace_id": "8a4db424-1098-4a2b-85df-9c0c529958c3"
          },
          "private": "eyJlMmJmYjczMC1lY2FhLTExZTYtOGY4OC0zNDM2M2JjN2M0YzAiOnsiY3JlYXRlIjoxODAwMDAwMDAwMDAwLCJkZWxldGUiOjE4MDAwMDAwMDAwMDAsInJlYWQiOjMwMDAwMDAwMDAwMCwidXBkYXRlIjoxODAwMDAwMDAwMDAwfX0=",
          "dependencies": [
            "azurerm_resource_group.k8s",
            "random_id.log_analytics_workspace_name_suffix"
          ]
        }
      ]
    },
    {
      "mode": "managed",
      "type": "azurerm_resource_group",
      "name": "k8s",
      "provider": "provider.azurerm",
      "instances": [
        {
          "schema_version": 0,
          "attributes": {
            "id": "/subscriptions/d0bf3c95-4528-4b9e-a252-41d489c7fe27/resourceGroups/azure-k8stest",
            "location": "centralus",
            "name": "azure-k8stest",
            "tags": {},
            "timeouts": null
          },
          "private": "eyJlMmJmYjczMC1lY2FhLTExZTYtOGY4OC0zNDM2M2JjN2M0YzAiOnsiY3JlYXRlIjo1NDAwMDAwMDAwMDAwLCJkZWxldGUiOjU0MDAwMDAwMDAwMDAsInJlYWQiOjMwMDAwMDAwMDAwMCwidXBkYXRlIjo1NDAwMDAwMDAwMDAwfX0="
        }
      ]
    },
    {
      "mode": "managed",
      "type": "random_id",
      "name": "log_analytics_workspace_name_suffix",
      "provider": "provider.random",
      "instances": [
        {
          "schema_version": 0,
          "attributes": {
            "b64": "GhuKOr-WkTo",
            "b64_std": "GhuKOr+WkTo=",
            "b64_url": "GhuKOr-WkTo",
            "byte_length": 8,
            "dec": "1881249254284366138",
            "hex": "1a1b8a3abf96913a",
            "id": "GhuKOr-WkTo",
            "keepers": null,
            "prefix": null
          },
          "private": "bnVsbA=="
        }
      ]
    }
  ]
}
