{
  "version": 4,
  "terraform_version": "0.12.28",
  "serial": 65,
  "lineage": "7d442d50-0d18-5d7b-6278-4ae7793bce75",
  "outputs": {
    "ip": {
      "value": "54.160.178.216",
      "type": "string"
    }
  },
  "resources": [
    {
      "mode": "managed",
      "type": "aws_instance",
      "name": "foo",
      "provider": "provider.aws",
      "instances": [
        {
          "schema_version": 1,
          "attributes": {
            "ami": "ami-0015b9ef68c77328d",
            "arn": "arn:aws:ec2:us-east-1:594115098815:instance/i-024e60178f62e88cf",
            "associate_public_ip_address": true,
            "availability_zone": "us-east-1a",
            "cpu_core_count": 1,
            "cpu_threads_per_core": 1,
            "credit_specification": [
              {
                "cpu_credits": "standard"
              }
            ],
            "disable_api_termination": false,
            "ebs_block_device": [],
            "ebs_optimized": false,
            "ephemeral_block_device": [],
            "get_password_data": false,
            "hibernation": false,
            "host_id": null,
            "iam_instance_profile": "",
            "id": "i-024e60178f62e88cf",
            "instance_initiated_shutdown_behavior": null,
            "instance_state": "running",
            "instance_type": "t2.micro",
            "ipv6_address_count": 0,
            "ipv6_addresses": [],
            "key_name": "deployer-key1",
            "metadata_options": [
              {
                "http_endpoint": "enabled",
                "http_put_response_hop_limit": 1,
                "http_tokens": "optional"
              }
            ],
            "monitoring": false,
            "network_interface": [],
            "network_interface_id": null,
            "outpost_arn": "",
            "password_data": "",
            "placement_group": "",
            "primary_network_interface_id": "eni-0476e33c54f43b7c7",
            "private_dns": "ip-10-0-1-13.ec2.internal",
            "private_ip": "10.0.1.13",
            "public_dns": "",
            "public_ip": "54.160.178.216",
            "root_block_device": [
              {
                "delete_on_termination": true,
                "device_name": "/dev/sda1",
                "encrypted": false,
                "iops": 100,
                "kms_key_id": "",
                "volume_id": "vol-08be6ba792c908ff8",
                "volume_size": 10,
                "volume_type": "gp2"
              }
            ],
            "security_groups": [
              "sg-04da01c04a95e6db5"
            ],
            "source_dest_check": true,
            "subnet_id": "subnet-0d3005ebef06a3c44",
            "tags": null,
            "tenancy": "default",
            "timeouts": null,
            "user_data": "cf243d090f2543e1b904091aacdb2432c6d2415e",
            "user_data_base64": null,
            "volume_tags": {},
            "vpc_security_group_ids": [
              "sg-04da01c04a95e6db5"
            ]
          },
          "private": "eyJlMmJmYjczMC1lY2FhLTExZTYtOGY4OC0zNDM2M2JjN2M0YzAiOnsiY3JlYXRlIjo2MDAwMDAwMDAwMDAsImRlbGV0ZSI6MTIwMDAwMDAwMDAwMCwidXBkYXRlIjo2MDAwMDAwMDAwMDB9LCJzY2hlbWFfdmVyc2lvbiI6IjEifQ==",
          "dependencies": [
            "aws_key_pair.deployer",
            "aws_security_group.sc",
            "aws_subnet.local",
            "aws_vpc.local"
          ]
        }
      ]
    },
    {
      "mode": "managed",
      "type": "aws_internet_gateway",
      "name": "igw",
      "provider": "provider.aws",
      "instances": [
        {
          "schema_version": 0,
          "attributes": {
            "arn": "arn:aws:ec2:us-east-1:594115098815:internet-gateway/igw-05fc187b10f3eb012",
            "id": "igw-05fc187b10f3eb012",
            "owner_id": "594115098815",
            "tags": {
              "Name": "main"
            },
            "vpc_id": "vpc-0be6b66783f56f8f1"
          },
          "private": "bnVsbA==",
          "dependencies": [
            "aws_vpc.local"
          ]
        }
      ]
    },
    {
      "mode": "managed",
      "type": "aws_key_pair",
      "name": "deployer",
      "provider": "provider.aws",
      "instances": [
        {
          "schema_version": 1,
          "attributes": {
            "arn": "arn:aws:ec2:us-east-1:594115098815:key-pair/deployer-key1",
            "fingerprint": "d9:72:17:86:ef:1f:b5:1f:e8:e0:05:41:eb:d4:3a:d8",
            "id": "deployer-key1",
            "key_name": "deployer-key1",
            "key_name_prefix": null,
            "key_pair_id": "key-011848dd81ea0d27d",
            "public_key": "ssh-rsa AAAAB3NzaC1yc2EAAAADAQABAAABgQDIztIzzC76/54pNvMhxCQf4dmX36WYM8prA1VJ+klseNKj/u/Uai6H1/cXQIsPzL2QiYrSvEBYEt4zCd17cfjKVHtHMrvfbDVQI+9WaAThLf5ZtMg+8ITUlfnmd4dw4uk7xDYBLqB+cPiIZPnmhMcPXa0GnQAfVFNQsQ5IDSV5z3r/VWfv5vnxCMYLHy2UjK3wEbs3+9s6Nv1VOkegSW/h9OratJxU0EfM0N6oyyMJ0HX18x10cRWYbXoco9p+9lNby4gBJqC5YYhER4Ix/Vv7VXux1//+eAhlW3bpQrefGHkiATsbkdbjQqjWde6wO7O1NtipO2CXggtU0UWiLnxz0d+K4KyCn8xQtTIBgIPTP5iEs85Mqe+gR+Ffc04WpEumk7X+WS3oPp6tVgIRpPhBECez3oJmKvIAQ7q+FAjjh6ji1xq9wPNW0p81gVrYYLZTZqxo6rt739hrQrvAbod8xUWrkMT+TzaJbYHH5x0rGonrPilzs6patAd+I2szIdc= laksh@Monishas-MacBook-Air.local",
            "tags": null
          },
          "private": "eyJzY2hlbWFfdmVyc2lvbiI6IjEifQ=="
        }
      ]
    },
    {
      "mode": "managed",
      "type": "aws_route_table",
      "name": "route",
      "provider": "provider.aws",
      "instances": [
        {
          "schema_version": 0,
          "attributes": {
            "id": "rtb-0291760d619b81735",
            "owner_id": "594115098815",
            "propagating_vgws": [],
            "route": [
              {
                "cidr_block": "0.0.0.0/0",
                "egress_only_gateway_id": "",
                "gateway_id": "igw-05fc187b10f3eb012",
                "instance_id": "",
                "ipv6_cidr_block": "",
                "nat_gateway_id": "",
                "network_interface_id": "",
                "transit_gateway_id": "",
                "vpc_peering_connection_id": ""
              }
            ],
            "tags": {
              "Name": "main"
            },
            "vpc_id": "vpc-0be6b66783f56f8f1"
          },
          "private": "bnVsbA==",
          "dependencies": [
            "aws_internet_gateway.igw",
            "aws_vpc.local"
          ]
        }
      ]
    },
    {
      "mode": "managed",
      "type": "aws_route_table_association",
      "name": "a",
      "provider": "provider.aws",
      "instances": [
        {
          "schema_version": 0,
          "attributes": {
            "gateway_id": null,
            "id": "rtbassoc-0a5700f025d0dfbae",
            "route_table_id": "rtb-0291760d619b81735",
            "subnet_id": "subnet-0d3005ebef06a3c44"
          },
          "private": "bnVsbA==",
          "dependencies": [
            "aws_internet_gateway.igw",
            "aws_route_table.route",
            "aws_subnet.local",
            "aws_vpc.local"
          ]
        }
      ]
    },
    {
      "mode": "managed",
      "type": "aws_security_group",
      "name": "sc",
      "provider": "provider.aws",
      "instances": [
        {
          "schema_version": 1,
          "attributes": {
            "arn": "arn:aws:ec2:us-east-1:594115098815:security-group/sg-04da01c04a95e6db5",
            "description": "Allow TLS inbound traffic",
            "egress": [
              {
                "cidr_blocks": [
                  "0.0.0.0/0"
                ],
                "description": "",
                "from_port": 0,
                "ipv6_cidr_blocks": [],
                "prefix_list_ids": [],
                "protocol": "-1",
                "security_groups": [],
                "self": false,
                "to_port": 0
              }
            ],
            "id": "sg-04da01c04a95e6db5",
            "ingress": [
              {
                "cidr_blocks": [
                  "0.0.0.0/0"
                ],
                "description": "TLS from VPC",
                "from_port": 22,
                "ipv6_cidr_blocks": [],
                "prefix_list_ids": [],
                "protocol": "tcp",
                "security_groups": [],
                "self": false,
                "to_port": 22
              },
              {
                "cidr_blocks": [
                  "0.0.0.0/0"
                ],
                "description": "apache port number 80",
                "from_port": 80,
                "ipv6_cidr_blocks": [],
                "prefix_list_ids": [],
                "protocol": "tcp",
                "security_groups": [],
                "self": false,
                "to_port": 80
              }
            ],
            "name": "allow_tls",
            "name_prefix": null,
            "owner_id": "594115098815",
            "revoke_rules_on_delete": false,
            "tags": {
              "Name": "allow_tls"
            },
            "timeouts": null,
            "vpc_id": "vpc-0be6b66783f56f8f1"
          },
          "private": "eyJlMmJmYjczMC1lY2FhLTExZTYtOGY4OC0zNDM2M2JjN2M0YzAiOnsiY3JlYXRlIjo2MDAwMDAwMDAwMDAsImRlbGV0ZSI6NjAwMDAwMDAwMDAwfSwic2NoZW1hX3ZlcnNpb24iOiIxIn0=",
          "dependencies": [
            "aws_vpc.local"
          ]
        }
      ]
    },
    {
      "mode": "managed",
      "type": "aws_subnet",
      "name": "local",
      "provider": "provider.aws",
      "instances": [
        {
          "schema_version": 1,
          "attributes": {
            "arn": "arn:aws:ec2:us-east-1:594115098815:subnet/subnet-0d3005ebef06a3c44",
            "assign_ipv6_address_on_creation": false,
            "availability_zone": "us-east-1a",
            "availability_zone_id": "use1-az6",
            "cidr_block": "10.0.1.0/24",
            "id": "subnet-0d3005ebef06a3c44",
            "ipv6_cidr_block": "",
            "ipv6_cidr_block_association_id": "",
            "map_public_ip_on_launch": true,
            "outpost_arn": "",
            "owner_id": "594115098815",
            "tags": {
              "Name": "Main"
            },
            "timeouts": null,
            "vpc_id": "vpc-0be6b66783f56f8f1"
          },
          "private": "eyJlMmJmYjczMC1lY2FhLTExZTYtOGY4OC0zNDM2M2JjN2M0YzAiOnsiY3JlYXRlIjo2MDAwMDAwMDAwMDAsImRlbGV0ZSI6MTIwMDAwMDAwMDAwMH0sInNjaGVtYV92ZXJzaW9uIjoiMSJ9",
          "dependencies": [
            "aws_vpc.local"
          ]
        }
      ]
    },
    {
      "mode": "managed",
      "type": "aws_vpc",
      "name": "local",
      "provider": "provider.aws",
      "instances": [
        {
          "schema_version": 1,
          "attributes": {
            "arn": "arn:aws:ec2:us-east-1:594115098815:vpc/vpc-0be6b66783f56f8f1",
            "assign_generated_ipv6_cidr_block": false,
            "cidr_block": "10.0.0.0/16",
            "default_network_acl_id": "acl-0998fac4e44346ffa",
            "default_route_table_id": "rtb-089a80b358c6598b6",
            "default_security_group_id": "sg-0e1482ee59e54241a",
            "dhcp_options_id": "dopt-04db40fe6b75b7272",
            "enable_classiclink": false,
            "enable_classiclink_dns_support": false,
            "enable_dns_hostnames": false,
            "enable_dns_support": true,
            "id": "vpc-0be6b66783f56f8f1",
            "instance_tenancy": "default",
            "ipv6_association_id": "",
            "ipv6_cidr_block": "",
            "main_route_table_id": "rtb-089a80b358c6598b6",
            "owner_id": "594115098815",
            "tags": {
              "Name": "main"
            }
          },
          "private": "eyJzY2hlbWFfdmVyc2lvbiI6IjEifQ=="
        }
      ]
    }
  ]
}
