{
  "version": 4,
  "terraform_version": "0.12.26",
  "serial": 31,
  "lineage": "87f096cc-167d-525a-e099-bc91a12ebb5c",
  "outputs": {
    "endpoint": {
      "value": "https://E8A364F10280FC1545DAC711956C1594.sk1.us-west-2.eks.amazonaws.com",
      "type": "string"
    },
    "kubeconfig-certificate-authority-data": {
      "value": "LS0tLS1CRUdJTiBDRVJUSUZJQ0FURS0tLS0tCk1JSUN5RENDQWJDZ0F3SUJBZ0lCQURBTkJna3Foa2lHOXcwQkFRc0ZBREFWTVJNd0VRWURWUVFERXdwcmRXSmwKY201bGRHVnpNQjRYRFRJd01EWXdOekl4TlRJME9Wb1hEVE13TURZd05USXhOVEkwT1Zvd0ZURVRNQkVHQTFVRQpBeE1LYTNWaVpYSnVaWFJsY3pDQ0FTSXdEUVlKS29aSWh2Y05BUUVCQlFBRGdnRVBBRENDQVFvQ2dnRUJBS2x4ClRhTjlsTEs0TVd0R2QzYVdLTXJ2S3hLOXRxZ3VmcENGQ3hNYW9jbjZ1eUZhQ0t3VTk4RTk5YXBSRVJtenZJcE0KdUtSQWhxQXVzM0MwWDVscDI4alJpSCt3ekcrNGZhc05MYWd6M1dZNURnN0grZXhQT2xibktIUGJRemVTYmpnMApYbXBvd1dieEdZdG5MYUtEcnZ4L3VwWWFUMTFHVkQyNnpSNWFYamoyd3dsQ2hXL3ZoaWl0Z09xeFdWdFJPT2NxCk0rNHJEVWZnTUVBZ2F5M2kyc1p3V0p5OTRyU1Awem9QL0xoaG9wNWd3SjFsdkcrclc4eGJsMXFNV0I0L1NBUmwKQlJsMkZKU1lRdUh3K2pnSmdTTXlkMFZqc3RvWmtYRytMK0lzY2hZSkFXczluNEZ3TGNudGhmK3dmTjBhbjJRWApyOGc1NjRWRCtrZExES2lqWUYwQ0F3RUFBYU1qTUNFd0RnWURWUjBQQVFIL0JBUURBZ0trTUE4R0ExVWRFd0VCCi93UUZNQU1CQWY4d0RRWUpLb1pJaHZjTkFRRUxCUUFEZ2dFQkFKQjV2M0VXUE5wcElwOGQ2dmhXYzlLMlFOdlQKU0NVaS9VOHgvTzdQMVdyaytpeGZwRE9oRS9Gc0VMcGZRUHBFYnU0c29zanh1SGZ2WjdIS3NwcUN5Sk01MXFzYgpUZGU4ZUsyMG5jd1krajdDRmtMaVo2c3ZJNWRYRzNPeE1sNGI4dkhFR1pic2dMWmkrdnNlUWVIWVhGZkpQdFdBCmd6bk5XSmxYcWZCK1lEdk5UQjc2UWVVb1J6SWNjaGFzWUdqMXJheHl0K0ZKbHhzZVJROVgxYXEyS1FNWDRtcjcKVFJGUk5oci9FUlR2VVhCaHRkZGIzZDVnaUNidmxxbmZLTjdURjZqT3NzWXB2QXF5NnE4R0tqVXBmNnNONFFDawpwNGw1aHV3cWZ1YXNOSzdpNlVZSloyQWFEVjRKN0FyRWMxcFpjQmU4dUxYcHVEbHdqMWVaWVNqUzcxST0KLS0tLS1FTkQgQ0VSVElGSUNBVEUtLS0tLQo=",
      "type": "string"
    }
  },
  "resources": [
    {
      "mode": "managed",
      "type": "aws_eks_cluster",
      "name": "example",
      "provider": "provider.aws",
      "instances": [
        {
          "schema_version": 0,
          "attributes": {
            "arn": "arn:aws:eks:us-west-2:138015496420:cluster/example",
            "certificate_authority": [
              {
                "data": "LS0tLS1CRUdJTiBDRVJUSUZJQ0FURS0tLS0tCk1JSUN5RENDQWJDZ0F3SUJBZ0lCQURBTkJna3Foa2lHOXcwQkFRc0ZBREFWTVJNd0VRWURWUVFERXdwcmRXSmwKY201bGRHVnpNQjRYRFRJd01EWXdOekl4TlRJME9Wb1hEVE13TURZd05USXhOVEkwT1Zvd0ZURVRNQkVHQTFVRQpBeE1LYTNWaVpYSnVaWFJsY3pDQ0FTSXdEUVlKS29aSWh2Y05BUUVCQlFBRGdnRVBBRENDQVFvQ2dnRUJBS2x4ClRhTjlsTEs0TVd0R2QzYVdLTXJ2S3hLOXRxZ3VmcENGQ3hNYW9jbjZ1eUZhQ0t3VTk4RTk5YXBSRVJtenZJcE0KdUtSQWhxQXVzM0MwWDVscDI4alJpSCt3ekcrNGZhc05MYWd6M1dZNURnN0grZXhQT2xibktIUGJRemVTYmpnMApYbXBvd1dieEdZdG5MYUtEcnZ4L3VwWWFUMTFHVkQyNnpSNWFYamoyd3dsQ2hXL3ZoaWl0Z09xeFdWdFJPT2NxCk0rNHJEVWZnTUVBZ2F5M2kyc1p3V0p5OTRyU1Awem9QL0xoaG9wNWd3SjFsdkcrclc4eGJsMXFNV0I0L1NBUmwKQlJsMkZKU1lRdUh3K2pnSmdTTXlkMFZqc3RvWmtYRytMK0lzY2hZSkFXczluNEZ3TGNudGhmK3dmTjBhbjJRWApyOGc1NjRWRCtrZExES2lqWUYwQ0F3RUFBYU1qTUNFd0RnWURWUjBQQVFIL0JBUURBZ0trTUE4R0ExVWRFd0VCCi93UUZNQU1CQWY4d0RRWUpLb1pJaHZjTkFRRUxCUUFEZ2dFQkFKQjV2M0VXUE5wcElwOGQ2dmhXYzlLMlFOdlQKU0NVaS9VOHgvTzdQMVdyaytpeGZwRE9oRS9Gc0VMcGZRUHBFYnU0c29zanh1SGZ2WjdIS3NwcUN5Sk01MXFzYgpUZGU4ZUsyMG5jd1krajdDRmtMaVo2c3ZJNWRYRzNPeE1sNGI4dkhFR1pic2dMWmkrdnNlUWVIWVhGZkpQdFdBCmd6bk5XSmxYcWZCK1lEdk5UQjc2UWVVb1J6SWNjaGFzWUdqMXJheHl0K0ZKbHhzZVJROVgxYXEyS1FNWDRtcjcKVFJGUk5oci9FUlR2VVhCaHRkZGIzZDVnaUNidmxxbmZLTjdURjZqT3NzWXB2QXF5NnE4R0tqVXBmNnNONFFDawpwNGw1aHV3cWZ1YXNOSzdpNlVZSloyQWFEVjRKN0FyRWMxcFpjQmU4dUxYcHVEbHdqMWVaWVNqUzcxST0KLS0tLS1FTkQgQ0VSVElGSUNBVEUtLS0tLQo="
              }
            ],
            "created_at": "2020-06-07 21:45:28 +0000 UTC",
            "enabled_cluster_log_types": [],
            "encryption_config": [],
            "endpoint": "https://E8A364F10280FC1545DAC711956C1594.sk1.us-west-2.eks.amazonaws.com",
            "id": "example",
            "identity": [
              {
                "oidc": [
                  {
                    "issuer": "https://oidc.eks.us-west-2.amazonaws.com/id/E8A364F10280FC1545DAC711956C1594"
                  }
                ]
              }
            ],
            "name": "example",
            "platform_version": "eks.1",
            "role_arn": "arn:aws:iam::138015496420:role/eks-cluster-example",
            "status": "ACTIVE",
            "tags": {},
            "timeouts": null,
            "version": "1.16",
            "vpc_config": [
              {
                "cluster_security_group_id": "sg-0c4759557b85a3bf1",
                "endpoint_private_access": false,
                "endpoint_public_access": true,
                "public_access_cidrs": [
                  "0.0.0.0/0"
                ],
                "security_group_ids": [],
                "subnet_ids": [
                  "subnet-07bc5578e80cb9f3c",
                  "subnet-0f546271f80bf5e40"
                ],
                "vpc_id": "vpc-0ea2613524a837192"
              }
            ]
          },
          "private": "eyJlMmJmYjczMC1lY2FhLTExZTYtOGY4OC0zNDM2M2JjN2M0YzAiOnsiY3JlYXRlIjoxODAwMDAwMDAwMDAwLCJkZWxldGUiOjkwMDAwMDAwMDAwMCwidXBkYXRlIjozNjAwMDAwMDAwMDAwfX0=",
          "dependencies": [
            "aws_iam_role.example",
            "aws_iam_role_policy_attachment.example-AmazonEKSClusterPolicy",
            "aws_iam_role_policy_attachment.example-AmazonEKSServicePolicy",
            "aws_subnet.local-back",
            "aws_subnet.local-front",
            "aws_vpc.local"
          ]
        }
      ]
    },
    {
      "module": "module.eks-node-group",
      "mode": "managed",
      "type": "aws_eks_node_group",
      "name": "main",
      "each": "list",
      "provider": "provider.aws",
      "instances": []
    },
    {
      "mode": "managed",
      "type": "aws_iam_role",
      "name": "example",
      "provider": "provider.aws",
      "instances": [
        {
          "schema_version": 0,
          "attributes": {
            "arn": "arn:aws:iam::138015496420:role/eks-cluster-example",
            "assume_role_policy": "{\"Version\":\"2012-10-17\",\"Statement\":[{\"Effect\":\"Allow\",\"Principal\":{\"Service\":\"eks.amazonaws.com\"},\"Action\":\"sts:AssumeRole\"}]}",
            "create_date": "2020-06-07T20:31:34Z",
            "description": "",
            "force_detach_policies": false,
            "id": "eks-cluster-example",
            "max_session_duration": 3600,
            "name": "eks-cluster-example",
            "name_prefix": null,
            "path": "/",
            "permissions_boundary": null,
            "tags": {},
            "unique_id": "AROASAIS5LDSOC3YIM6DO"
          },
          "private": "bnVsbA=="
        }
      ]
    },
    {
      "module": "module.eks-node-group",
      "mode": "managed",
      "type": "aws_iam_role",
      "name": "main",
      "each": "list",
      "provider": "provider.aws",
      "instances": [
        {
          "index_key": 0,
          "schema_version": 0,
          "attributes": {
            "arn": "arn:aws:iam::138015496420:role/example-managed-group-node",
            "assume_role_policy": "{\"Version\":\"2012-10-17\",\"Statement\":[{\"Effect\":\"Allow\",\"Principal\":{\"Service\":\"ec2.amazonaws.com\"},\"Action\":\"sts:AssumeRole\"}]}",
            "create_date": "2020-06-07T22:22:38Z",
            "description": "",
            "force_detach_policies": false,
            "id": "example-managed-group-node",
            "max_session_duration": 3600,
            "name": "example-managed-group-node",
            "name_prefix": null,
            "path": "/",
            "permissions_boundary": null,
            "tags": {},
            "unique_id": "AROASAIS5LDSL7AEECCF2"
          },
          "private": "bnVsbA==",
          "dependencies": [
            "aws_eks_cluster.example"
          ]
        }
      ]
    },
    {
      "mode": "managed",
      "type": "aws_iam_role_policy_attachment",
      "name": "example-AmazonEKSClusterPolicy",
      "provider": "provider.aws",
      "instances": [
        {
          "schema_version": 0,
          "attributes": {
            "id": "eks-cluster-example-20200607203139353900000001",
            "policy_arn": "arn:aws:iam::aws:policy/AmazonEKSClusterPolicy",
            "role": "eks-cluster-example"
          },
          "private": "bnVsbA==",
          "dependencies": [
            "aws_iam_role.example"
          ]
        }
      ]
    },
    {
      "mode": "managed",
      "type": "aws_iam_role_policy_attachment",
      "name": "example-AmazonEKSServicePolicy",
      "provider": "provider.aws",
      "instances": [
        {
          "schema_version": 0,
          "attributes": {
            "id": "eks-cluster-example-20200607203139355500000002",
            "policy_arn": "arn:aws:iam::aws:policy/AmazonEKSServicePolicy",
            "role": "eks-cluster-example"
          },
          "private": "bnVsbA==",
          "dependencies": [
            "aws_iam_role.example"
          ]
        }
      ]
    },
    {
      "module": "module.eks-node-group",
      "mode": "managed",
      "type": "aws_iam_role_policy_attachment",
      "name": "main_AmazonEC2ContainerRegistryReadOnly",
      "each": "list",
      "provider": "provider.aws",
      "instances": [
        {
          "index_key": 0,
          "schema_version": 0,
          "attributes": {
            "id": "example-managed-group-node-20200607222240671900000001",
            "policy_arn": "arn:aws:iam::aws:policy/AmazonEC2ContainerRegistryReadOnly",
            "role": "example-managed-group-node"
          },
          "private": "bnVsbA==",
          "dependencies": [
            "aws_eks_cluster.example",
            "module.eks-node-group.aws_iam_role.main"
          ]
        }
      ]
    },
    {
      "module": "module.eks-node-group",
      "mode": "managed",
      "type": "aws_iam_role_policy_attachment",
      "name": "main_AmazonEKSWorkerNodePolicy",
      "each": "list",
      "provider": "provider.aws",
      "instances": [
        {
          "index_key": 0,
          "schema_version": 0,
          "attributes": {
            "id": "example-managed-group-node-20200607222240672800000002",
            "policy_arn": "arn:aws:iam::aws:policy/AmazonEKSWorkerNodePolicy",
            "role": "example-managed-group-node"
          },
          "private": "bnVsbA==",
          "dependencies": [
            "aws_eks_cluster.example",
            "module.eks-node-group.aws_iam_role.main"
          ]
        }
      ]
    },
    {
      "module": "module.eks-node-group",
      "mode": "managed",
      "type": "aws_iam_role_policy_attachment",
      "name": "main_AmazonEKS_CNI_Policy",
      "each": "list",
      "provider": "provider.aws",
      "instances": [
        {
          "index_key": 0,
          "schema_version": 0,
          "attributes": {
            "id": "example-managed-group-node-20200607222240673000000003",
            "policy_arn": "arn:aws:iam::aws:policy/AmazonEKS_CNI_Policy",
            "role": "example-managed-group-node"
          },
          "private": "bnVsbA==",
          "dependencies": [
            "aws_eks_cluster.example",
            "module.eks-node-group.aws_iam_role.main"
          ]
        }
      ]
    },
    {
      "mode": "managed",
      "type": "aws_subnet",
      "name": "local-back",
      "provider": "provider.aws",
      "instances": [
        {
          "schema_version": 1,
          "attributes": {
            "arn": "arn:aws:ec2:us-west-2:138015496420:subnet/subnet-07bc5578e80cb9f3c",
            "assign_ipv6_address_on_creation": false,
            "availability_zone": "us-west-2b",
            "availability_zone_id": "usw2-az2",
            "cidr_block": "10.0.2.0/24",
            "id": "subnet-07bc5578e80cb9f3c",
            "ipv6_cidr_block": "",
            "ipv6_cidr_block_association_id": "",
            "map_public_ip_on_launch": false,
            "outpost_arn": "",
            "owner_id": "138015496420",
            "tags": {
              "Value": "shared",
              "key": "kubernetes.io/cluster/example"
            },
            "timeouts": null,
            "vpc_id": "vpc-0ea2613524a837192"
          },
          "private": "eyJlMmJmYjczMC1lY2FhLTExZTYtOGY4OC0zNDM2M2JjN2M0YzAiOnsiY3JlYXRlIjo2MDAwMDAwMDAwMDAsImRlbGV0ZSI6MTIwMDAwMDAwMDAwMH0sInNjaGVtYV92ZXJzaW9uIjoiMSJ9",
          "dependencies": [
            "aws_vpc.local"
          ]
        }
      ]
    },
    {
      "mode": "managed",
      "type": "aws_subnet",
      "name": "local-front",
      "provider": "provider.aws",
      "instances": [
        {
          "schema_version": 1,
          "attributes": {
            "arn": "arn:aws:ec2:us-west-2:138015496420:subnet/subnet-0f546271f80bf5e40",
            "assign_ipv6_address_on_creation": false,
            "availability_zone": "us-west-2a",
            "availability_zone_id": "usw2-az1",
            "cidr_block": "10.0.3.0/24",
            "id": "subnet-0f546271f80bf5e40",
            "ipv6_cidr_block": "",
            "ipv6_cidr_block_association_id": "",
            "map_public_ip_on_launch": false,
            "outpost_arn": "",
            "owner_id": "138015496420",
            "tags": {
              "Value": "shared",
              "key": "kubernetes.io/cluster/example"
            },
            "timeouts": null,
            "vpc_id": "vpc-0ea2613524a837192"
          },
          "private": "eyJlMmJmYjczMC1lY2FhLTExZTYtOGY4OC0zNDM2M2JjN2M0YzAiOnsiY3JlYXRlIjo2MDAwMDAwMDAwMDAsImRlbGV0ZSI6MTIwMDAwMDAwMDAwMH0sInNjaGVtYV92ZXJzaW9uIjoiMSJ9",
          "dependencies": [
            "aws_vpc.local"
          ]
        }
      ]
    },
    {
      "mode": "managed",
      "type": "aws_vpc",
      "name": "local",
      "provider": "provider.aws",
      "instances": [
        {
          "schema_version": 1,
          "attributes": {
            "arn": "arn:aws:ec2:us-west-2:138015496420:vpc/vpc-0ea2613524a837192",
            "assign_generated_ipv6_cidr_block": false,
            "cidr_block": "10.0.0.0/16",
            "default_network_acl_id": "acl-09f3ee30809d7e5cc",
            "default_route_table_id": "rtb-0efa35d3fb9879904",
            "default_security_group_id": "sg-0c93213eb8bcd2cdd",
            "dhcp_options_id": "dopt-0446535c62f7cc828",
            "enable_classiclink": false,
            "enable_classiclink_dns_support": false,
            "enable_dns_hostnames": false,
            "enable_dns_support": true,
            "id": "vpc-0ea2613524a837192",
            "instance_tenancy": "default",
            "ipv6_association_id": "",
            "ipv6_cidr_block": "",
            "main_route_table_id": "rtb-0efa35d3fb9879904",
            "owner_id": "138015496420",
            "tags": {}
          },
          "private": "eyJzY2hlbWFfdmVyc2lvbiI6IjEifQ=="
        }
      ]
    },
    {
      "module": "module.eks-node-group",
      "mode": "managed",
      "type": "random_id",
      "name": "main",
      "each": "list",
      "provider": "provider.random",
      "instances": [
        {
          "index_key": 0,
          "schema_version": 0,
          "attributes": {
            "b64": "JJAAyg",
            "b64_std": "JJAAyg==",
            "b64_url": "JJAAyg",
            "byte_length": 4,
            "dec": "613417162",
            "hex": "249000ca",
            "id": "JJAAyg",
            "keepers": {
              "ami_type": "AL2_x86_64",
              "cluster_name": "example",
              "disk_size": "20",
              "ec2_ssh_key": "eks-test",
              "instance_types": "t3.large",
              "node_role_arn": "",
              "source_security_group_ids": "",
              "subnet_ids": "subnet-0f546271f80bf5e40|subnet-07bc5578e80cb9f3c"
            },
            "prefix": null
          },
          "private": "bnVsbA==",
          "dependencies": [
            "aws_eks_cluster.example",
            "aws_subnet.local-back",
            "aws_subnet.local-front",
            "aws_vpc.local"
          ]
        }
      ]
    }
  ]
}
