{
  "version": 4,
  "terraform_version": "0.12.26",
  "serial": 51,
  "lineage": "87f096cc-167d-525a-e099-bc91a12ebb5c",
  "outputs": {
    "endpoint": {
      "value": "https://DE1C0FBA25C5245D7DFFBDC67167A79F.yl4.us-west-2.eks.amazonaws.com",
      "type": "string"
    },
    "kubeconfig-certificate-authority-data": {
      "value": "LS0tLS1CRUdJTiBDRVJUSUZJQ0FURS0tLS0tCk1JSUN5RENDQWJDZ0F3SUJBZ0lCQURBTkJna3Foa2lHOXcwQkFRc0ZBREFWTVJNd0VRWURWUVFERXdwcmRXSmwKY201bGRHVnpNQjRYRFRJd01EWXdPREV6TlRZd01Gb1hEVE13TURZd05qRXpOVFl3TUZvd0ZURVRNQkVHQTFVRQpBeE1LYTNWaVpYSnVaWFJsY3pDQ0FTSXdEUVlKS29aSWh2Y05BUUVCQlFBRGdnRVBBRENDQVFvQ2dnRUJBSnFzClVkZlJGWDE2dlZ2M0Z0MHJjL2prVlNDc3VOdXZtVEJnN0plajE4SVIxcWhzOEl1cWRYMUJIQVNlOXNQdFFuUHEKWmxoS1Z3NmVhank4bjluQk15ZTRrQXJVY2ZtcG9nWkJjNTdheU96Y0h0NjlGdTBKOVBJa0JiOExaVTF1MmZuSgpHclVvNGRnZlk3SFYrdElyYmx2NzRzVlVYTEduK0hRYjRLNTkwdzlYYlpidWt4Z3grbWo1d3VuZWZSTkN3bmR0CmhCc2U2V3dOSDVsb2ExaFNQY0V6YWxXdnlaSDVKYlFxWTZ4MUh5MnJxcnNHNmRzREtSelJUUExBRTFtRmZvSncKU2VqUjNmb1JyOE5nUTlra3JCYW8xWXg5SEJhMW0waG5FVE1XY0Y2OUo1ZUZ1eXdXeVlnd1VGS3c2cE5mN05lZwpBRDhDWm5Gci9BSzFINkJQWWgwQ0F3RUFBYU1qTUNFd0RnWURWUjBQQVFIL0JBUURBZ0trTUE4R0ExVWRFd0VCCi93UUZNQU1CQWY4d0RRWUpLb1pJaHZjTkFRRUxCUUFEZ2dFQkFGTlV3c3BNT1ltNm9nbTZLYkhqWDRId01pc3AKTy8vUlZtNU5VQXIyYmRUcWNHV1laRzdCc3dacitGVFFtcDNseThnWWZNdHVEVHNxS1VtTFlZdUNyNWlCOGJoZgp3c09kUG5ZUTh5TGRRcFZTaWEwaGxLS2hBSjlkTXgrQi9WSG5CTFd4TkhGLy9kdHZMSlpsVTQreGtMT3NIZUxXClMrYndTWjNQNmIzMFcrbElsdHd4RFBsd2Zpd205ajVKUUh6ZlgweFZyYUdKdHUxYThNL2wxeVVXRkxXMEphMUwKc0F3eWRWbFZielM5MDNza09LTko5bjlpR0xhSE1Tcit2akF4anhOa1p3ZFJQNFgxVERqR0hBb0tmd29MbmdkOQpybEhrVjgyTW5JNXliOUEydkNrV2RmSVc0Ry9VRGErWUNOWGIvNmozQ1NRQlRHMkczNGhDcmQxYTBtZz0KLS0tLS1FTkQgQ0VSVElGSUNBVEUtLS0tLQo=",
      "type": "string"
    }
  },
  "resources": [
    {
      "mode": "managed",
      "type": "aws_eks_cluster",
      "name": "example",
      "provider": "provider.aws",
      "instances": [
        {
          "schema_version": 0,
          "attributes": {
            "arn": "arn:aws:eks:us-west-2:916952878953:cluster/example",
            "certificate_authority": [
              {
                "data": "LS0tLS1CRUdJTiBDRVJUSUZJQ0FURS0tLS0tCk1JSUN5RENDQWJDZ0F3SUJBZ0lCQURBTkJna3Foa2lHOXcwQkFRc0ZBREFWTVJNd0VRWURWUVFERXdwcmRXSmwKY201bGRHVnpNQjRYRFRJd01EWXdPREV6TlRZd01Gb1hEVE13TURZd05qRXpOVFl3TUZvd0ZURVRNQkVHQTFVRQpBeE1LYTNWaVpYSnVaWFJsY3pDQ0FTSXdEUVlKS29aSWh2Y05BUUVCQlFBRGdnRVBBRENDQVFvQ2dnRUJBSnFzClVkZlJGWDE2dlZ2M0Z0MHJjL2prVlNDc3VOdXZtVEJnN0plajE4SVIxcWhzOEl1cWRYMUJIQVNlOXNQdFFuUHEKWmxoS1Z3NmVhank4bjluQk15ZTRrQXJVY2ZtcG9nWkJjNTdheU96Y0h0NjlGdTBKOVBJa0JiOExaVTF1MmZuSgpHclVvNGRnZlk3SFYrdElyYmx2NzRzVlVYTEduK0hRYjRLNTkwdzlYYlpidWt4Z3grbWo1d3VuZWZSTkN3bmR0CmhCc2U2V3dOSDVsb2ExaFNQY0V6YWxXdnlaSDVKYlFxWTZ4MUh5MnJxcnNHNmRzREtSelJUUExBRTFtRmZvSncKU2VqUjNmb1JyOE5nUTlra3JCYW8xWXg5SEJhMW0waG5FVE1XY0Y2OUo1ZUZ1eXdXeVlnd1VGS3c2cE5mN05lZwpBRDhDWm5Gci9BSzFINkJQWWgwQ0F3RUFBYU1qTUNFd0RnWURWUjBQQVFIL0JBUURBZ0trTUE4R0ExVWRFd0VCCi93UUZNQU1CQWY4d0RRWUpLb1pJaHZjTkFRRUxCUUFEZ2dFQkFGTlV3c3BNT1ltNm9nbTZLYkhqWDRId01pc3AKTy8vUlZtNU5VQXIyYmRUcWNHV1laRzdCc3dacitGVFFtcDNseThnWWZNdHVEVHNxS1VtTFlZdUNyNWlCOGJoZgp3c09kUG5ZUTh5TGRRcFZTaWEwaGxLS2hBSjlkTXgrQi9WSG5CTFd4TkhGLy9kdHZMSlpsVTQreGtMT3NIZUxXClMrYndTWjNQNmIzMFcrbElsdHd4RFBsd2Zpd205ajVKUUh6ZlgweFZyYUdKdHUxYThNL2wxeVVXRkxXMEphMUwKc0F3eWRWbFZielM5MDNza09LTko5bjlpR0xhSE1Tcit2akF4anhOa1p3ZFJQNFgxVERqR0hBb0tmd29MbmdkOQpybEhrVjgyTW5JNXliOUEydkNrV2RmSVc0Ry9VRGErWUNOWGIvNmozQ1NRQlRHMkczNGhDcmQxYTBtZz0KLS0tLS1FTkQgQ0VSVElGSUNBVEUtLS0tLQo="
              }
            ],
            "created_at": "2020-06-08 13:47:30 +0000 UTC",
            "enabled_cluster_log_types": [],
            "encryption_config": [],
            "endpoint": "https://DE1C0FBA25C5245D7DFFBDC67167A79F.yl4.us-west-2.eks.amazonaws.com",
            "id": "example",
            "identity": [
              {
                "oidc": [
                  {
                    "issuer": "https://oidc.eks.us-west-2.amazonaws.com/id/DE1C0FBA25C5245D7DFFBDC67167A79F"
                  }
                ]
              }
            ],
            "name": "example",
            "platform_version": "eks.1",
            "role_arn": "arn:aws:iam::916952878953:role/eks-cluster-example",
            "status": "ACTIVE",
            "tags": {},
            "timeouts": null,
            "version": "1.16",
            "vpc_config": [
              {
                "cluster_security_group_id": "sg-0a291754bf0cee3eb",
                "endpoint_private_access": false,
                "endpoint_public_access": true,
                "public_access_cidrs": [
                  "0.0.0.0/0"
                ],
                "security_group_ids": [],
                "subnet_ids": [
                  "subnet-0510bf01f67978175",
                  "subnet-0d31758032f17cfe6"
                ],
                "vpc_id": "vpc-05bb433888545ecb9"
              }
            ]
          },
          "private": "eyJlMmJmYjczMC1lY2FhLTExZTYtOGY4OC0zNDM2M2JjN2M0YzAiOnsiY3JlYXRlIjoxODAwMDAwMDAwMDAwLCJkZWxldGUiOjkwMDAwMDAwMDAwMCwidXBkYXRlIjozNjAwMDAwMDAwMDAwfX0=",
          "dependencies": [
            "aws_iam_role.example",
            "aws_iam_role_policy_attachment.example-AmazonEKSClusterPolicy",
            "aws_iam_role_policy_attachment.example-AmazonEKSServicePolicy",
            "aws_subnet.local-back",
            "aws_subnet.local-front",
            "aws_vpc.local"
          ]
        }
      ]
    },
    {
      "module": "module.eks-node-group",
      "mode": "managed",
      "type": "aws_eks_node_group",
      "name": "main",
      "each": "list",
      "provider": "provider.aws",
      "instances": [
        {
          "index_key": 0,
          "status": "tainted",
          "schema_version": 0,
          "attributes": {
            "ami_type": "AL2_x86_64",
            "arn": "arn:aws:eks:us-west-2:916952878953:nodegroup/example/example-c0850c70/6eb94a2e-1ffb-6442-9dbd-724fcaa210dc",
            "cluster_name": "example",
            "disk_size": 20,
            "force_update_version": null,
            "id": "example:example-c0850c70",
            "instance_types": [
              "t3.large"
            ],
            "labels": {
              "lifecycle": "OnDemand"
            },
            "node_group_name": "example-c0850c70",
            "node_role_arn": "arn:aws:iam::916952878953:role/example-managed-group-node",
            "release_version": "1.16.8-20200531",
            "remote_access": [
              {
                "ec2_ssh_key": "eks-test",
                "source_security_group_ids": []
              }
            ],
            "resources": [
              {
                "autoscaling_groups": [
                  {
                    "name": "eks-6eb94a2e-1ffb-6442-9dbd-724fcaa210dc"
                  }
                ],
                "remote_access_security_group_id": ""
              }
            ],
            "scaling_config": [
              {
                "desired_size": 1,
                "max_size": 1,
                "min_size": 1
              }
            ],
            "status": "CREATE_FAILED",
            "subnet_ids": [
              "subnet-0510bf01f67978175",
              "subnet-0d31758032f17cfe6"
            ],
            "tags": {
              "Environment": "test"
            },
            "timeouts": null,
            "version": "1.16"
          },
          "private": "eyJlMmJmYjczMC1lY2FhLTExZTYtOGY4OC0zNDM2M2JjN2M0YzAiOnsiY3JlYXRlIjozNjAwMDAwMDAwMDAwLCJkZWxldGUiOjM2MDAwMDAwMDAwMDAsInVwZGF0ZSI6MzYwMDAwMDAwMDAwMH19",
          "dependencies": [
            "aws_eks_cluster.example",
            "aws_subnet.local-back",
            "aws_subnet.local-front",
            "module.eks-node-group.aws_iam_role.main",
            "module.eks-node-group.random_id.main"
          ]
        }
      ]
    },
    {
      "mode": "managed",
      "type": "aws_iam_role",
      "name": "example",
      "provider": "provider.aws",
      "instances": [
        {
          "schema_version": 0,
          "attributes": {
            "arn": "arn:aws:iam::916952878953:role/eks-cluster-example",
            "assume_role_policy": "{\"Version\":\"2012-10-17\",\"Statement\":[{\"Effect\":\"Allow\",\"Principal\":{\"Service\":\"eks.amazonaws.com\"},\"Action\":\"sts:AssumeRole\"}]}",
            "create_date": "2020-06-08T13:47:06Z",
            "description": "",
            "force_detach_policies": false,
            "id": "eks-cluster-example",
            "max_session_duration": 3600,
            "name": "eks-cluster-example",
            "name_prefix": null,
            "path": "/",
            "permissions_boundary": null,
            "tags": {},
            "unique_id": "AROA5K7VGR5UTEQMZCDXL"
          },
          "private": "bnVsbA=="
        }
      ]
    },
    {
      "module": "module.eks-node-group",
      "mode": "managed",
      "type": "aws_iam_role",
      "name": "main",
      "each": "list",
      "provider": "provider.aws",
      "instances": [
        {
          "index_key": 0,
          "schema_version": 0,
          "attributes": {
            "arn": "arn:aws:iam::916952878953:role/example-managed-group-node",
            "assume_role_policy": "{\"Version\":\"2012-10-17\",\"Statement\":[{\"Effect\":\"Allow\",\"Principal\":{\"Service\":\"ec2.amazonaws.com\"},\"Action\":\"sts:AssumeRole\"}]}",
            "create_date": "2020-06-08T14:32:24Z",
            "description": "",
            "force_detach_policies": false,
            "id": "example-managed-group-node",
            "max_session_duration": 3600,
            "name": "example-managed-group-node",
            "name_prefix": null,
            "path": "/",
            "permissions_boundary": null,
            "tags": {},
            "unique_id": "AROA5K7VGR5U7KOA3D7VG"
          },
          "private": "bnVsbA==",
          "dependencies": [
            "aws_eks_cluster.example"
          ]
        }
      ]
    },
    {
      "mode": "managed",
      "type": "aws_iam_role_policy_attachment",
      "name": "example-AmazonEKSClusterPolicy",
      "provider": "provider.aws",
      "instances": [
        {
          "schema_version": 0,
          "attributes": {
            "id": "eks-cluster-example-20200608134724621700000002",
            "policy_arn": "arn:aws:iam::aws:policy/AmazonEKSClusterPolicy",
            "role": "eks-cluster-example"
          },
          "private": "bnVsbA==",
          "dependencies": [
            "aws_iam_role.example"
          ]
        }
      ]
    },
    {
      "mode": "managed",
      "type": "aws_iam_role_policy_attachment",
      "name": "example-AmazonEKSServicePolicy",
      "provider": "provider.aws",
      "instances": [
        {
          "schema_version": 0,
          "attributes": {
            "id": "eks-cluster-example-20200608134724613500000001",
            "policy_arn": "arn:aws:iam::aws:policy/AmazonEKSServicePolicy",
            "role": "eks-cluster-example"
          },
          "private": "bnVsbA==",
          "dependencies": [
            "aws_iam_role.example"
          ]
        }
      ]
    },
    {
      "module": "module.eks-node-group",
      "mode": "managed",
      "type": "aws_iam_role_policy_attachment",
      "name": "main_AmazonEC2ContainerRegistryReadOnly",
      "each": "list",
      "provider": "provider.aws",
      "instances": [
        {
          "index_key": 0,
          "schema_version": 0,
          "attributes": {
            "id": "example-managed-group-node-20200608143226553900000002",
            "policy_arn": "arn:aws:iam::aws:policy/AmazonEC2ContainerRegistryReadOnly",
            "role": "example-managed-group-node"
          },
          "private": "bnVsbA==",
          "dependencies": [
            "aws_eks_cluster.example",
            "module.eks-node-group.aws_iam_role.main"
          ]
        }
      ]
    },
    {
      "module": "module.eks-node-group",
      "mode": "managed",
      "type": "aws_iam_role_policy_attachment",
      "name": "main_AmazonEKSWorkerNodePolicy",
      "each": "list",
      "provider": "provider.aws",
      "instances": [
        {
          "index_key": 0,
          "schema_version": 0,
          "attributes": {
            "id": "example-managed-group-node-20200608143226561400000003",
            "policy_arn": "arn:aws:iam::aws:policy/AmazonEKSWorkerNodePolicy",
            "role": "example-managed-group-node"
          },
          "private": "bnVsbA==",
          "dependencies": [
            "aws_eks_cluster.example",
            "module.eks-node-group.aws_iam_role.main"
          ]
        }
      ]
    },
    {
      "module": "module.eks-node-group",
      "mode": "managed",
      "type": "aws_iam_role_policy_attachment",
      "name": "main_AmazonEKS_CNI_Policy",
      "each": "list",
      "provider": "provider.aws",
      "instances": [
        {
          "index_key": 0,
          "schema_version": 0,
          "attributes": {
            "id": "example-managed-group-node-20200608143226615400000004",
            "policy_arn": "arn:aws:iam::aws:policy/AmazonEKS_CNI_Policy",
            "role": "example-managed-group-node"
          },
          "private": "bnVsbA==",
          "dependencies": [
            "aws_eks_cluster.example",
            "module.eks-node-group.aws_iam_role.main"
          ]
        }
      ]
    },
    {
      "mode": "managed",
      "type": "aws_key_pair",
      "name": "eks-test",
      "provider": "provider.aws",
      "instances": [
        {
          "schema_version": 1,
          "attributes": {
            "fingerprint": "71:b6:06:49:73:f5:0e:cb:0e:44:9f:07:7a:9b:81:d8",
            "id": "eks-test",
            "key_name": "eks-test",
            "key_name_prefix": null,
            "key_pair_id": "key-06b66e21c4b10b504",
            "public_key": "ssh-rsa AAAAB3NzaC1yc2EAAAADAQABAAABAQC3/ehwf7NhZk0NecWSTuXoA6wo+byffGSHEtA+XZ6zX2myIDfvYY+Q0TgE4nA8shIXXjxRjhLOWzKuXoaxmeuksZbdZuQKMqltD1J5RXs1VcHZcoWcXTs7u/yJmFLfziNpoSYpWSj067WffbLuaKnL/EE/0F9xgdpVU1M8yYKJpLODAYpnypdH+vDg9B9YX8wj1MYLUCRAKp8Xo0PkLDUw8n4p7BUiNWvZncLWdrp55csZxL3XHBIbLvei+1o8Vf9CuC4cnrgmwqWshzfxlLn7d4uUDZ3MOH7Aqz6RBXrAEFgdK6o0CLTyldxitKsm8SMNXgQrT6T27Vpt5/Z7AvgN root@ansible",
            "tags": {}
          },
          "private": "eyJzY2hlbWFfdmVyc2lvbiI6IjEifQ=="
        }
      ]
    },
    {
      "mode": "managed",
      "type": "aws_subnet",
      "name": "local-back",
      "provider": "provider.aws",
      "instances": [
        {
          "schema_version": 1,
          "attributes": {
            "arn": "arn:aws:ec2:us-west-2:916952878953:subnet/subnet-0d31758032f17cfe6",
            "assign_ipv6_address_on_creation": false,
            "availability_zone": "us-west-2b",
            "availability_zone_id": "usw2-az2",
            "cidr_block": "10.0.2.0/24",
            "id": "subnet-0d31758032f17cfe6",
            "ipv6_cidr_block": "",
            "ipv6_cidr_block_association_id": "",
            "map_public_ip_on_launch": false,
            "outpost_arn": "",
            "owner_id": "916952878953",
            "tags": {
              "kubernetes.io/cluster/example": "shared"
            },
            "timeouts": null,
            "vpc_id": "vpc-05bb433888545ecb9"
          },
          "private": "eyJlMmJmYjczMC1lY2FhLTExZTYtOGY4OC0zNDM2M2JjN2M0YzAiOnsiY3JlYXRlIjo2MDAwMDAwMDAwMDAsImRlbGV0ZSI6MTIwMDAwMDAwMDAwMH0sInNjaGVtYV92ZXJzaW9uIjoiMSJ9",
          "dependencies": [
            "aws_vpc.local"
          ]
        }
      ]
    },
    {
      "mode": "managed",
      "type": "aws_subnet",
      "name": "local-front",
      "provider": "provider.aws",
      "instances": [
        {
          "schema_version": 1,
          "attributes": {
            "arn": "arn:aws:ec2:us-west-2:916952878953:subnet/subnet-0510bf01f67978175",
            "assign_ipv6_address_on_creation": false,
            "availability_zone": "us-west-2a",
            "availability_zone_id": "usw2-az1",
            "cidr_block": "10.0.3.0/24",
            "id": "subnet-0510bf01f67978175",
            "ipv6_cidr_block": "",
            "ipv6_cidr_block_association_id": "",
            "map_public_ip_on_launch": false,
            "outpost_arn": "",
            "owner_id": "916952878953",
            "tags": {
              "kubernetes.io/cluster/example": "shared"
            },
            "timeouts": null,
            "vpc_id": "vpc-05bb433888545ecb9"
          },
          "private": "eyJlMmJmYjczMC1lY2FhLTExZTYtOGY4OC0zNDM2M2JjN2M0YzAiOnsiY3JlYXRlIjo2MDAwMDAwMDAwMDAsImRlbGV0ZSI6MTIwMDAwMDAwMDAwMH0sInNjaGVtYV92ZXJzaW9uIjoiMSJ9",
          "dependencies": [
            "aws_vpc.local"
          ]
        }
      ]
    },
    {
      "mode": "managed",
      "type": "aws_vpc",
      "name": "local",
      "provider": "provider.aws",
      "instances": [
        {
          "schema_version": 1,
          "attributes": {
            "arn": "arn:aws:ec2:us-west-2:916952878953:vpc/vpc-05bb433888545ecb9",
            "assign_generated_ipv6_cidr_block": false,
            "cidr_block": "10.0.0.0/16",
            "default_network_acl_id": "acl-0b5db2f9ab900bd49",
            "default_route_table_id": "rtb-029f02696e3296c24",
            "default_security_group_id": "sg-0aa2aa7e6f82915d9",
            "dhcp_options_id": "dopt-0012daef08e4a3443",
            "enable_classiclink": false,
            "enable_classiclink_dns_support": false,
            "enable_dns_hostnames": false,
            "enable_dns_support": true,
            "id": "vpc-05bb433888545ecb9",
            "instance_tenancy": "default",
            "ipv6_association_id": "",
            "ipv6_cidr_block": "",
            "main_route_table_id": "rtb-029f02696e3296c24",
            "owner_id": "916952878953",
            "tags": {}
          },
          "private": "eyJzY2hlbWFfdmVyc2lvbiI6IjEifQ=="
        }
      ]
    },
    {
      "module": "module.eks-node-group",
      "mode": "managed",
      "type": "random_id",
      "name": "main",
      "each": "list",
      "provider": "provider.random",
      "instances": [
        {
          "index_key": 0,
          "schema_version": 0,
          "attributes": {
            "b64": "wIUMcA",
            "b64_std": "wIUMcA==",
            "b64_url": "wIUMcA",
            "byte_length": 4,
            "dec": "3229944944",
            "hex": "c0850c70",
            "id": "wIUMcA",
            "keepers": {
              "ami_type": "AL2_x86_64",
              "cluster_name": "example",
              "disk_size": "20",
              "ec2_ssh_key": "eks-test",
              "instance_types": "t3.large",
              "node_role_arn": "",
              "source_security_group_ids": "",
              "subnet_ids": "subnet-0510bf01f67978175|subnet-0d31758032f17cfe6"
            },
            "prefix": null
          },
          "private": "bnVsbA==",
          "dependencies": [
            "aws_eks_cluster.example",
            "aws_subnet.local-back",
            "aws_subnet.local-front",
            "aws_vpc.local"
          ]
        }
      ]
    }
  ]
}
