{
  "version": 4,
  "terraform_version": "0.12.26",
  "serial": 146,
  "lineage": "87f096cc-167d-525a-e099-bc91a12ebb5c",
  "outputs": {
    "endpoint": {
      "value": "https://ECCB42FADF980989B3A77C6C343FCD5B.gr7.us-west-2.eks.amazonaws.com",
      "type": "string"
    },
    "kubeconfig-certificate-authority-data": {
      "value": "LS0tLS1CRUdJTiBDRVJUSUZJQ0FURS0tLS0tCk1JSUN5RENDQWJDZ0F3SUJBZ0lCQURBTkJna3Foa2lHOXcwQkFRc0ZBREFWTVJNd0VRWURWUVFERXdwcmRXSmwKY201bGRHVnpNQjRYRFRJd01EWXpNREV5TURJeU5sb1hEVE13TURZeU9ERXlNREl5Tmxvd0ZURVRNQkVHQTFVRQpBeE1LYTNWaVpYSnVaWFJsY3pDQ0FTSXdEUVlKS29aSWh2Y05BUUVCQlFBRGdnRVBBRENDQVFvQ2dnRUJBTUwxCm9aUnZQM3psVWE4eXZYR203Zi8vMStFMS9UVEIzY2JkZy8zazRDczZmN3UybG5kV0h2U2Y4VHhWVE5ReFUyWW0KV1BTQm9mckV1MDlzT0h6SWlmYVBsSEUwbWFJbE9XdE5OaHFBVHB3TnBicHExWlY5c2toV0FFYnNtWXZaWUNGSgpoYmFIcVlKN1lkRVR2TndyYjczeWx6Y0FMRDhuWWZ0WmVCeVRPS3NHUFBLSzZWYnVUSGI5RkRVZHhLbHNTSU9ZCnBacjBpbXIyL0lXR05IYVRoQW00amRHRlRqeWtHeGtDSDRVV2VXMHRVY2k3UEs1d3JkV20xdmtvODVrZGZnNHoKUzJveFBLaUNuZFBnSE5HYmMwdmNYWTkvUkhKMXdITVovaWJFTmZkSEtlSTVkOEE0ZW4yZUwvdERJS3lPZ0NocAo3Z1M2Q3dVeHVyM0FWeDE2MGdNQ0F3RUFBYU1qTUNFd0RnWURWUjBQQVFIL0JBUURBZ0trTUE4R0ExVWRFd0VCCi93UUZNQU1CQWY4d0RRWUpLb1pJaHZjTkFRRUxCUUFEZ2dFQkFHNi8yOStKMDhwS0l1WjZORFRMMkF1WnV6YUgKM1ZOQ25EVVV3RFovL2pLVVRVRVQ1OWVQV3lDTDdRMjUzMjgrbUxxQ3VNazJYS1g1bUVPTjBxZktpVnQvT3g4RQpCb3NPMStvQ0VORXFFbFlCMmRXQVlqZ01Ca3ExNklGcWxPUmR1dWFvNHN0REV4L3hHKzJzdEhwd0ZXejRxZVY2CjlibVovNkRhTURQRzVPcFl0RUpYcWNVa2FNSXlUbWZoRyt5Vm03R0VaNVN0aFZmdFVUMEl6VFU1OGFuV0lhZGsKRjkxcTlNTW83eUVBREJHSXdZV2g2dENBRytaWGpPM0Z1bmxSNVpyckNqZkNTbExkMnlZajl2NlNLOU5aamo1WQpqTnhXLzRIajUzQkZDTlQwaEl6WXhLYm5oa2U5bFRHaHlreXk1Z0dGYjgvMEtwR09yQTYvZ3ZJQzlBdz0KLS0tLS1FTkQgQ0VSVElGSUNBVEUtLS0tLQo=",
      "type": "string"
    }
  },
  "resources": [
    {
      "mode": "managed",
      "type": "aws_eks_cluster",
      "name": "example",
      "provider": "provider.aws",
      "instances": [
        {
          "schema_version": 0,
          "attributes": {
            "arn": "arn:aws:eks:us-west-2:432945140842:cluster/example",
            "certificate_authority": [
              {
                "data": "LS0tLS1CRUdJTiBDRVJUSUZJQ0FURS0tLS0tCk1JSUN5RENDQWJDZ0F3SUJBZ0lCQURBTkJna3Foa2lHOXcwQkFRc0ZBREFWTVJNd0VRWURWUVFERXdwcmRXSmwKY201bGRHVnpNQjRYRFRJd01EWXpNREV5TURJeU5sb1hEVE13TURZeU9ERXlNREl5Tmxvd0ZURVRNQkVHQTFVRQpBeE1LYTNWaVpYSnVaWFJsY3pDQ0FTSXdEUVlKS29aSWh2Y05BUUVCQlFBRGdnRVBBRENDQVFvQ2dnRUJBTUwxCm9aUnZQM3psVWE4eXZYR203Zi8vMStFMS9UVEIzY2JkZy8zazRDczZmN3UybG5kV0h2U2Y4VHhWVE5ReFUyWW0KV1BTQm9mckV1MDlzT0h6SWlmYVBsSEUwbWFJbE9XdE5OaHFBVHB3TnBicHExWlY5c2toV0FFYnNtWXZaWUNGSgpoYmFIcVlKN1lkRVR2TndyYjczeWx6Y0FMRDhuWWZ0WmVCeVRPS3NHUFBLSzZWYnVUSGI5RkRVZHhLbHNTSU9ZCnBacjBpbXIyL0lXR05IYVRoQW00amRHRlRqeWtHeGtDSDRVV2VXMHRVY2k3UEs1d3JkV20xdmtvODVrZGZnNHoKUzJveFBLaUNuZFBnSE5HYmMwdmNYWTkvUkhKMXdITVovaWJFTmZkSEtlSTVkOEE0ZW4yZUwvdERJS3lPZ0NocAo3Z1M2Q3dVeHVyM0FWeDE2MGdNQ0F3RUFBYU1qTUNFd0RnWURWUjBQQVFIL0JBUURBZ0trTUE4R0ExVWRFd0VCCi93UUZNQU1CQWY4d0RRWUpLb1pJaHZjTkFRRUxCUUFEZ2dFQkFHNi8yOStKMDhwS0l1WjZORFRMMkF1WnV6YUgKM1ZOQ25EVVV3RFovL2pLVVRVRVQ1OWVQV3lDTDdRMjUzMjgrbUxxQ3VNazJYS1g1bUVPTjBxZktpVnQvT3g4RQpCb3NPMStvQ0VORXFFbFlCMmRXQVlqZ01Ca3ExNklGcWxPUmR1dWFvNHN0REV4L3hHKzJzdEhwd0ZXejRxZVY2CjlibVovNkRhTURQRzVPcFl0RUpYcWNVa2FNSXlUbWZoRyt5Vm03R0VaNVN0aFZmdFVUMEl6VFU1OGFuV0lhZGsKRjkxcTlNTW83eUVBREJHSXdZV2g2dENBRytaWGpPM0Z1bmxSNVpyckNqZkNTbExkMnlZajl2NlNLOU5aamo1WQpqTnhXLzRIajUzQkZDTlQwaEl6WXhLYm5oa2U5bFRHaHlreXk1Z0dGYjgvMEtwR09yQTYvZ3ZJQzlBdz0KLS0tLS1FTkQgQ0VSVElGSUNBVEUtLS0tLQo="
              }
            ],
            "created_at": "2020-06-30 11:54:52 +0000 UTC",
            "enabled_cluster_log_types": null,
            "encryption_config": [],
            "endpoint": "https://ECCB42FADF980989B3A77C6C343FCD5B.gr7.us-west-2.eks.amazonaws.com",
            "id": "example",
            "identity": [
              {
                "oidc": [
                  {
                    "issuer": "https://oidc.eks.us-west-2.amazonaws.com/id/ECCB42FADF980989B3A77C6C343FCD5B"
                  }
                ]
              }
            ],
            "name": "example",
            "platform_version": "eks.1",
            "role_arn": "arn:aws:iam::432945140842:role/eks-cluster-example",
            "status": "ACTIVE",
            "tags": null,
            "timeouts": null,
            "version": "1.16",
            "vpc_config": [
              {
                "cluster_security_group_id": "sg-0c89fa8292560c6c1",
                "endpoint_private_access": false,
                "endpoint_public_access": true,
                "public_access_cidrs": [
                  "0.0.0.0/0"
                ],
                "security_group_ids": null,
                "subnet_ids": [
                  "subnet-0495a617acafbd7cd",
                  "subnet-0a7836fc67cf7458a"
                ],
                "vpc_id": "vpc-0560f7574f52ef3b4"
              }
            ]
          },
          "private": "eyJlMmJmYjczMC1lY2FhLTExZTYtOGY4OC0zNDM2M2JjN2M0YzAiOnsiY3JlYXRlIjoxODAwMDAwMDAwMDAwLCJkZWxldGUiOjkwMDAwMDAwMDAwMCwidXBkYXRlIjozNjAwMDAwMDAwMDAwfX0=",
          "dependencies": [
            "aws_iam_role.example",
            "aws_iam_role_policy_attachment.example-AmazonEKSClusterPolicy",
            "aws_iam_role_policy_attachment.example-AmazonEKSServicePolicy",
            "aws_subnet.local-back",
            "aws_subnet.local-front",
            "aws_vpc.local"
          ]
        }
      ]
    },
    {
      "mode": "managed",
      "type": "aws_eks_node_group",
      "name": "example1",
      "provider": "provider.aws",
      "instances": [
        {
          "status": "tainted",
          "schema_version": 0,
          "attributes": {
            "ami_type": null,
            "arn": null,
            "cluster_name": "example",
            "disk_size": null,
            "force_update_version": null,
            "id": "example:example",
            "instance_types": null,
            "labels": null,
            "node_group_name": "example",
            "node_role_arn": "arn:aws:iam::432945140842:role/eks-node-group-example",
            "release_version": null,
            "remote_access": [],
            "resources": null,
            "scaling_config": [
              {
                "desired_size": 1,
                "max_size": 1,
                "min_size": 1
              }
            ],
            "status": null,
            "subnet_ids": [
              "subnet-0495a617acafbd7cd",
              "subnet-0a7836fc67cf7458a"
            ],
            "tags": null,
            "timeouts": null,
            "version": null
          },
          "private": "eyJlMmJmYjczMC1lY2FhLTExZTYtOGY4OC0zNDM2M2JjN2M0YzAiOnsiY3JlYXRlIjozNjAwMDAwMDAwMDAwLCJkZWxldGUiOjM2MDAwMDAwMDAwMDAsInVwZGF0ZSI6MzYwMDAwMDAwMDAwMH19",
          "dependencies": [
            "aws_eks_cluster.example",
            "aws_iam_role.example",
            "aws_iam_role.example1",
            "aws_iam_role_policy_attachment.example-AmazonEC2ContainerRegistryReadOnly",
            "aws_iam_role_policy_attachment.example-AmazonEKSClusterPolicy",
            "aws_iam_role_policy_attachment.example-AmazonEKSServicePolicy",
            "aws_iam_role_policy_attachment.example-AmazonEKSWorkerNodePolicy",
            "aws_iam_role_policy_attachment.example-AmazonEKS_CNI_Policy",
            "aws_subnet.local-back",
            "aws_subnet.local-front",
            "aws_vpc.local"
          ]
        }
      ]
    },
    {
      "mode": "managed",
      "type": "aws_iam_role",
      "name": "example",
      "provider": "provider.aws",
      "instances": [
        {
          "schema_version": 0,
          "attributes": {
            "arn": "arn:aws:iam::432945140842:role/eks-cluster-example",
            "assume_role_policy": "{\"Version\":\"2012-10-17\",\"Statement\":[{\"Effect\":\"Allow\",\"Principal\":{\"Service\":\"eks.amazonaws.com\"},\"Action\":\"sts:AssumeRole\"}]}",
            "create_date": "2020-06-30T11:54:30Z",
            "description": "",
            "force_detach_policies": false,
            "id": "eks-cluster-example",
            "max_session_duration": 3600,
            "name": "eks-cluster-example",
            "name_prefix": null,
            "path": "/",
            "permissions_boundary": null,
            "tags": null,
            "unique_id": "AROAWJTMKSRVCTDTVHLOY"
          },
          "private": "bnVsbA=="
        }
      ]
    },
    {
      "mode": "managed",
      "type": "aws_iam_role",
      "name": "example1",
      "provider": "provider.aws",
      "instances": [
        {
          "schema_version": 0,
          "attributes": {
            "arn": "arn:aws:iam::432945140842:role/eks-node-group-example",
            "assume_role_policy": "{\"Version\":\"2012-10-17\",\"Statement\":[{\"Effect\":\"Allow\",\"Principal\":{\"Service\":\"ec2.amazonaws.com\"},\"Action\":\"sts:AssumeRole\"}]}",
            "create_date": "2020-06-30T11:54:30Z",
            "description": "",
            "force_detach_policies": false,
            "id": "eks-node-group-example",
            "max_session_duration": 3600,
            "name": "eks-node-group-example",
            "name_prefix": null,
            "path": "/",
            "permissions_boundary": null,
            "tags": null,
            "unique_id": "AROAWJTMKSRVH3LI32GMP"
          },
          "private": "bnVsbA=="
        }
      ]
    },
    {
      "mode": "managed",
      "type": "aws_iam_role_policy_attachment",
      "name": "example-AmazonEC2ContainerRegistryReadOnly",
      "provider": "provider.aws",
      "instances": [
        {
          "schema_version": 0,
          "attributes": {
            "id": "eks-node-group-example-20200630115440871500000003",
            "policy_arn": "arn:aws:iam::aws:policy/AmazonEC2ContainerRegistryReadOnly",
            "role": "eks-node-group-example"
          },
          "private": "bnVsbA==",
          "dependencies": [
            "aws_iam_role.example1"
          ]
        }
      ]
    },
    {
      "mode": "managed",
      "type": "aws_iam_role_policy_attachment",
      "name": "example-AmazonEKSClusterPolicy",
      "provider": "provider.aws",
      "instances": [
        {
          "schema_version": 0,
          "attributes": {
            "id": "eks-cluster-example-20200630115440858600000001",
            "policy_arn": "arn:aws:iam::aws:policy/AmazonEKSClusterPolicy",
            "role": "eks-cluster-example"
          },
          "private": "bnVsbA==",
          "dependencies": [
            "aws_iam_role.example"
          ]
        }
      ]
    },
    {
      "mode": "managed",
      "type": "aws_iam_role_policy_attachment",
      "name": "example-AmazonEKSServicePolicy",
      "provider": "provider.aws",
      "instances": [
        {
          "schema_version": 0,
          "attributes": {
            "id": "eks-cluster-example-20200630115440894400000005",
            "policy_arn": "arn:aws:iam::aws:policy/AmazonEKSServicePolicy",
            "role": "eks-cluster-example"
          },
          "private": "bnVsbA==",
          "dependencies": [
            "aws_iam_role.example"
          ]
        }
      ]
    },
    {
      "mode": "managed",
      "type": "aws_iam_role_policy_attachment",
      "name": "example-AmazonEKSWorkerNodePolicy",
      "provider": "provider.aws",
      "instances": [
        {
          "schema_version": 0,
          "attributes": {
            "id": "eks-node-group-example-20200630115440872200000004",
            "policy_arn": "arn:aws:iam::aws:policy/AmazonEKSWorkerNodePolicy",
            "role": "eks-node-group-example"
          },
          "private": "bnVsbA==",
          "dependencies": [
            "aws_iam_role.example1"
          ]
        }
      ]
    },
    {
      "mode": "managed",
      "type": "aws_iam_role_policy_attachment",
      "name": "example-AmazonEKS_CNI_Policy",
      "provider": "provider.aws",
      "instances": [
        {
          "schema_version": 0,
          "attributes": {
            "id": "eks-node-group-example-20200630115440866400000002",
            "policy_arn": "arn:aws:iam::aws:policy/AmazonEKS_CNI_Policy",
            "role": "eks-node-group-example"
          },
          "private": "bnVsbA==",
          "dependencies": [
            "aws_iam_role.example1"
          ]
        }
      ]
    },
    {
      "mode": "managed",
      "type": "aws_key_pair",
      "name": "eks-test",
      "provider": "provider.aws",
      "instances": [
        {
          "schema_version": 1,
          "attributes": {
            "arn": "arn:aws:ec2:us-west-2:432945140842:key-pair/eks-test",
            "fingerprint": "71:b6:06:49:73:f5:0e:cb:0e:44:9f:07:7a:9b:81:d8",
            "id": "eks-test",
            "key_name": "eks-test",
            "key_name_prefix": null,
            "key_pair_id": "key-0eef5c201901ab39f",
            "public_key": "ssh-rsa AAAAB3NzaC1yc2EAAAADAQABAAABAQC3/ehwf7NhZk0NecWSTuXoA6wo+byffGSHEtA+XZ6zX2myIDfvYY+Q0TgE4nA8shIXXjxRjhLOWzKuXoaxmeuksZbdZuQKMqltD1J5RXs1VcHZcoWcXTs7u/yJmFLfziNpoSYpWSj067WffbLuaKnL/EE/0F9xgdpVU1M8yYKJpLODAYpnypdH+vDg9B9YX8wj1MYLUCRAKp8Xo0PkLDUw8n4p7BUiNWvZncLWdrp55csZxL3XHBIbLvei+1o8Vf9CuC4cnrgmwqWshzfxlLn7d4uUDZ3MOH7Aqz6RBXrAEFgdK6o0CLTyldxitKsm8SMNXgQrT6T27Vpt5/Z7AvgN root@ansible",
            "tags": null
          },
          "private": "eyJzY2hlbWFfdmVyc2lvbiI6IjEifQ=="
        }
      ]
    },
    {
      "mode": "managed",
      "type": "aws_subnet",
      "name": "local-back",
      "provider": "provider.aws",
      "instances": [
        {
          "schema_version": 1,
          "attributes": {
            "arn": "arn:aws:ec2:us-west-2:432945140842:subnet/subnet-0a7836fc67cf7458a",
            "assign_ipv6_address_on_creation": false,
            "availability_zone": "us-west-2b",
            "availability_zone_id": "usw2-az2",
            "cidr_block": "10.0.2.0/24",
            "id": "subnet-0a7836fc67cf7458a",
            "ipv6_cidr_block": "",
            "ipv6_cidr_block_association_id": "",
            "map_public_ip_on_launch": false,
            "outpost_arn": "",
            "owner_id": "432945140842",
            "tags": {
              "kubernetes.io/cluster/example": "shared"
            },
            "timeouts": null,
            "vpc_id": "vpc-0560f7574f52ef3b4"
          },
          "private": "eyJlMmJmYjczMC1lY2FhLTExZTYtOGY4OC0zNDM2M2JjN2M0YzAiOnsiY3JlYXRlIjo2MDAwMDAwMDAwMDAsImRlbGV0ZSI6MTIwMDAwMDAwMDAwMH0sInNjaGVtYV92ZXJzaW9uIjoiMSJ9",
          "dependencies": [
            "aws_vpc.local"
          ]
        }
      ]
    },
    {
      "mode": "managed",
      "type": "aws_subnet",
      "name": "local-front",
      "provider": "provider.aws",
      "instances": [
        {
          "schema_version": 1,
          "attributes": {
            "arn": "arn:aws:ec2:us-west-2:432945140842:subnet/subnet-0495a617acafbd7cd",
            "assign_ipv6_address_on_creation": false,
            "availability_zone": "us-west-2a",
            "availability_zone_id": "usw2-az1",
            "cidr_block": "10.0.3.0/24",
            "id": "subnet-0495a617acafbd7cd",
            "ipv6_cidr_block": "",
            "ipv6_cidr_block_association_id": "",
            "map_public_ip_on_launch": false,
            "outpost_arn": "",
            "owner_id": "432945140842",
            "tags": {
              "kubernetes.io/cluster/example": "shared"
            },
            "timeouts": null,
            "vpc_id": "vpc-0560f7574f52ef3b4"
          },
          "private": "eyJlMmJmYjczMC1lY2FhLTExZTYtOGY4OC0zNDM2M2JjN2M0YzAiOnsiY3JlYXRlIjo2MDAwMDAwMDAwMDAsImRlbGV0ZSI6MTIwMDAwMDAwMDAwMH0sInNjaGVtYV92ZXJzaW9uIjoiMSJ9",
          "dependencies": [
            "aws_vpc.local"
          ]
        }
      ]
    },
    {
      "mode": "managed",
      "type": "aws_vpc",
      "name": "local",
      "provider": "provider.aws",
      "instances": [
        {
          "schema_version": 1,
          "attributes": {
            "arn": "arn:aws:ec2:us-west-2:432945140842:vpc/vpc-0560f7574f52ef3b4",
            "assign_generated_ipv6_cidr_block": false,
            "cidr_block": "10.0.0.0/16",
            "default_network_acl_id": "acl-08ccdd16cbe0b6c30",
            "default_route_table_id": "rtb-0be6b40fe3d09aa7a",
            "default_security_group_id": "sg-049123cebba5f710d",
            "dhcp_options_id": "dopt-0165f2ece914c7261",
            "enable_classiclink": false,
            "enable_classiclink_dns_support": false,
            "enable_dns_hostnames": false,
            "enable_dns_support": true,
            "id": "vpc-0560f7574f52ef3b4",
            "instance_tenancy": "default",
            "ipv6_association_id": "",
            "ipv6_cidr_block": "",
            "main_route_table_id": "rtb-0be6b40fe3d09aa7a",
            "owner_id": "432945140842",
            "tags": null
          },
          "private": "eyJzY2hlbWFfdmVyc2lvbiI6IjEifQ=="
        }
      ]
    }
  ]
}
