{
  "version": 4,
  "terraform_version": "0.12.26",
  "serial": 25,
  "lineage": "ab734ff5-e59e-18b0-fc63-cb5b05cd9ab8",
  "outputs": {
    "result": {
      "value": "ami-000f2e700604bd95a",
      "type": "string"
    }
  },
  "resources": [
    {
      "mode": "data",
      "type": "aws_instance",
      "name": "sam",
      "provider": "provider.aws",
      "instances": [
        {
          "schema_version": 0,
          "attributes": {
            "ami": "ami-0015b9ef68c77328d",
            "arn": "arn:aws:ec2:us-east-1:740121593245:instance/i-0fd78893ef2bda867",
            "associate_public_ip_address": true,
            "availability_zone": "us-east-1a",
            "credit_specification": [
              {
                "cpu_credits": "standard"
              }
            ],
            "disable_api_termination": false,
            "ebs_block_device": [
              {
                "delete_on_termination": false,
                "device_name": "/dev/sdh",
                "encrypted": false,
                "iops": 120,
                "kms_key_id": "",
                "snapshot_id": "",
                "volume_id": "vol-00f6e30d769cf630b",
                "volume_size": 40,
                "volume_type": "gp2"
              }
            ],
            "ebs_optimized": false,
            "ephemeral_block_device": [],
            "filter": null,
            "get_password_data": false,
            "get_user_data": false,
            "host_id": null,
            "iam_instance_profile": "",
            "id": "i-0fd78893ef2bda867",
            "instance_id": null,
            "instance_state": "running",
            "instance_tags": {
              "Name": "praveen"
            },
            "instance_type": "t2.micro",
            "key_name": "deployer-key1",
            "metadata_options": [
              {
                "http_endpoint": "enabled",
                "http_put_response_hop_limit": 1,
                "http_tokens": "optional"
              }
            ],
            "monitoring": false,
            "network_interface_id": "eni-036472242ac41ae6a",
            "outpost_arn": "",
            "password_data": null,
            "placement_group": "",
            "private_dns": "ip-10-0-2-40.ec2.internal",
            "private_ip": "10.0.2.40",
            "public_dns": "",
            "public_ip": "52.90.212.124",
            "root_block_device": [
              {
                "delete_on_termination": true,
                "device_name": "/dev/sda1",
                "encrypted": false,
                "iops": 100,
                "kms_key_id": "",
                "volume_id": "vol-06a90924f5a66569e",
                "volume_size": 10,
                "volume_type": "gp2"
              }
            ],
            "security_groups": [],
            "source_dest_check": true,
            "subnet_id": "subnet-049811302a02b3e99",
            "tags": {
              "Name": "praveen"
            },
            "tenancy": "default",
            "user_data": "2b0fd99a49fdade5db318b3fe7aec533593a42d9",
            "user_data_base64": null,
            "vpc_security_group_ids": [
              "sg-09f8d09f5373eba8d"
            ]
          }
        }
      ]
    },
    {
      "mode": "managed",
      "type": "aws_ami_from_instance",
      "name": "example",
      "provider": "provider.aws",
      "instances": [
        {
          "schema_version": 0,
          "attributes": {
            "architecture": "x86_64",
            "arn": "arn:aws:ec2:us-east-1::image/ami-000f2e700604bd95a",
            "description": "",
            "ebs_block_device": [
              {
                "delete_on_termination": false,
                "device_name": "/dev/sdh",
                "encrypted": false,
                "iops": 0,
                "snapshot_id": "snap-03eecb1b5f7010c84",
                "volume_size": 40,
                "volume_type": "gp2"
              },
              {
                "delete_on_termination": true,
                "device_name": "/dev/sda1",
                "encrypted": false,
                "iops": 0,
                "snapshot_id": "snap-0fb66a8f2e17565ea",
                "volume_size": 10,
                "volume_type": "gp2"
              }
            ],
            "ena_support": false,
            "ephemeral_block_device": [],
            "id": "ami-000f2e700604bd95a",
            "image_location": "740121593245/terraform-example",
            "kernel_id": "",
            "manage_ebs_snapshots": true,
            "name": "terraform-example",
            "ramdisk_id": "",
            "root_device_name": "/dev/sda1",
            "root_snapshot_id": "snap-0fb66a8f2e17565ea",
            "snapshot_without_reboot": null,
            "source_instance_id": "i-0fd78893ef2bda867",
            "sriov_net_support": "",
            "tags": {},
            "timeouts": null,
            "virtualization_type": "hvm"
          },
          "private": "eyJlMmJmYjczMC1lY2FhLTExZTYtOGY4OC0zNDM2M2JjN2M0YzAiOnsiY3JlYXRlIjoyNDAwMDAwMDAwMDAwLCJkZWxldGUiOjU0MDAwMDAwMDAwMDAsInVwZGF0ZSI6MjQwMDAwMDAwMDAwMH19"
        }
      ]
    },
    {
      "mode": "managed",
      "type": "aws_autoscaling_group",
      "name": "bar",
      "provider": "provider.aws",
      "instances": [
        {
          "status": "tainted",
          "schema_version": 0,
          "attributes": {
            "arn": null,
            "availability_zones": null,
            "default_cooldown": null,
            "desired_capacity": 4,
            "enabled_metrics": null,
            "force_delete": true,
            "health_check_grace_period": 300,
            "health_check_type": "ELB",
            "id": "foobar3-terraform-test",
            "initial_lifecycle_hook": [
              {
                "default_result": "CONTINUE",
                "heartbeat_timeout": 2000,
                "lifecycle_transition": "autoscaling:EC2_INSTANCE_LAUNCHING",
                "name": "foobar",
                "notification_metadata": "{\n  \"foo\": \"bar\"\n}\n",
                "notification_target_arn": "arn:aws:sns:us-east-1:545177136978:testing",
                "role_arn": "arn:aws:iam::545177136978:role/deployer"
              }
            ],
            "launch_configuration": "web_config",
            "launch_template": [],
            "load_balancers": [],
            "max_instance_lifetime": null,
            "max_size": 5,
            "metrics_granularity": "1Minute",
            "min_elb_capacity": null,
            "min_size": 2,
            "mixed_instances_policy": [],
            "name": "foobar3-terraform-test",
            "name_prefix": null,
            "placement_group": null,
            "protect_from_scale_in": false,
            "service_linked_role_arn": null,
            "suspended_processes": null,
            "tag": [
              {
                "key": "foo",
                "propagate_at_launch": true,
                "value": "bar"
              },
              {
                "key": "lorem",
                "propagate_at_launch": false,
                "value": "ipsum"
              }
            ],
            "tags": null,
            "target_group_arns": [],
            "termination_policies": null,
            "timeouts": {
              "delete": "15m"
            },
            "vpc_zone_identifier": [
              "subnet-01dd311409d6160d6"
            ],
            "wait_for_capacity_timeout": "10m",
            "wait_for_elb_capacity": null
          },
          "private": "eyJlMmJmYjczMC1lY2FhLTExZTYtOGY4OC0zNDM2M2JjN2M0YzAiOnsiZGVsZXRlIjo5MDAwMDAwMDAwMDB9fQ==",
          "dependencies": [
            "aws_launch_configuration.as_conf",
            "aws_subnet.local"
          ]
        }
      ]
    },
    {
      "mode": "managed",
      "type": "aws_launch_configuration",
      "name": "as_conf",
      "provider": "provider.aws",
      "instances": [
        {
          "schema_version": 0,
          "attributes": {
            "arn": "arn:aws:autoscaling:us-east-1:740121593245:launchConfiguration:d236dd99-a01d-491e-8ab9-80a245b2b37c:launchConfigurationName/web_config",
            "associate_public_ip_address": false,
            "ebs_block_device": [],
            "ebs_optimized": false,
            "enable_monitoring": true,
            "ephemeral_block_device": [],
            "iam_instance_profile": "",
            "id": "web_config",
            "image_id": "ami-000f2e700604bd95a",
            "instance_type": "t2.micro",
            "key_name": "",
            "name": "web_config",
            "name_prefix": null,
            "placement_tenancy": null,
            "root_block_device": [],
            "security_groups": [],
            "spot_price": "",
            "user_data": null,
            "user_data_base64": null,
            "vpc_classic_link_id": "",
            "vpc_classic_link_security_groups": []
          },
          "private": "bnVsbA==",
          "dependencies": [
            "aws_ami_from_instance.example"
          ]
        }
      ]
    },
    {
      "mode": "managed",
      "type": "aws_subnet",
      "name": "local",
      "provider": "provider.aws",
      "instances": [
        {
          "schema_version": 1,
          "attributes": {
            "arn": "arn:aws:ec2:us-east-1:740121593245:subnet/subnet-01dd311409d6160d6",
            "assign_ipv6_address_on_creation": false,
            "availability_zone": "us-east-1a",
            "availability_zone_id": "use1-az6",
            "cidr_block": "10.0.2.0/24",
            "id": "subnet-01dd311409d6160d6",
            "ipv6_cidr_block": "",
            "ipv6_cidr_block_association_id": "",
            "map_public_ip_on_launch": true,
            "outpost_arn": "",
            "owner_id": "740121593245",
            "tags": {
              "Name": "Main"
            },
            "timeouts": null,
            "vpc_id": "vpc-0870cda628edd9c58"
          },
          "private": "eyJlMmJmYjczMC1lY2FhLTExZTYtOGY4OC0zNDM2M2JjN2M0YzAiOnsiY3JlYXRlIjo2MDAwMDAwMDAwMDAsImRlbGV0ZSI6MTIwMDAwMDAwMDAwMH0sInNjaGVtYV92ZXJzaW9uIjoiMSJ9",
          "dependencies": [
            "aws_vpc.local"
          ]
        }
      ]
    },
    {
      "mode": "managed",
      "type": "aws_vpc",
      "name": "local",
      "provider": "provider.aws",
      "instances": [
        {
          "schema_version": 1,
          "attributes": {
            "arn": "arn:aws:ec2:us-east-1:740121593245:vpc/vpc-0870cda628edd9c58",
            "assign_generated_ipv6_cidr_block": false,
            "cidr_block": "10.0.0.0/16",
            "default_network_acl_id": "acl-079be8d1d207f3865",
            "default_route_table_id": "rtb-0d977b6c2d59ad15f",
            "default_security_group_id": "sg-0fb203334cfc08b9c",
            "dhcp_options_id": "dopt-0e15447acea01af94",
            "enable_classiclink": false,
            "enable_classiclink_dns_support": false,
            "enable_dns_hostnames": false,
            "enable_dns_support": true,
            "id": "vpc-0870cda628edd9c58",
            "instance_tenancy": "default",
            "ipv6_association_id": "",
            "ipv6_cidr_block": "",
            "main_route_table_id": "rtb-0d977b6c2d59ad15f",
            "owner_id": "740121593245",
            "tags": {
              "Name": "local"
            }
          },
          "private": "eyJzY2hlbWFfdmVyc2lvbiI6IjEifQ=="
        }
      ]
    }
  ]
}
