{
  "version": 4,
  "terraform_version": "0.12.24",
  "serial": 116,
  "lineage": "286700c8-eb28-f4d9-1c5c-535b2f62c8ff",
  "outputs": {
    "ipaddress": {
      "value": "137.117.244.99",
      "type": "string"
    },
    "ipaddresspri": {
      "value": "10.0.1.4",
      "type": "string"
    }
  },
  "resources": [
    {
      "mode": "managed",
      "type": "azurerm_linux_virtual_machine",
      "name": "example",
      "provider": "provider.azurerm",
      "instances": [
        {
          "schema_version": 0,
          "attributes": {
            "additional_capabilities": [],
            "admin_password": null,
            "admin_ssh_key": [
              {
                "public_key": "ssh-rsa AAAAB3NzaC1yc2EAAAADAQABAAABAQDrzYK1H4+Rta+gv5pHK40fmrNKqMGU0pHtwkmKsnFcziOTftuEQS0FeshTsQuunRjVfO9Q+oBz1s6rSsn7O6+UThoET1GV4zP0PPQhwu6b1EY1MRgy0cV5qCwbW3DHRr4izrAOcpsCPIV5mDwpxg31gKXJnc3Tza+bu/PQ65D1EKsW5fqJd/pNZK1DiM6ViR11Hp5ncHrk21hJCwKSV3d5eujcBDFBZ6Yj8LJ9zkhKdEPDzKgRJl+DG+HgXoSJetPoecoErzEALb3ZBkB43cNXQEeu/5o3/a2/9ig1tOsabEwD7SJfVP9y39GtBaEWTE+b3PKibKBpbyImSmz93wkJ root@node01\n",
                "username": "adminuser"
              }
            ],
            "admin_username": "adminuser",
            "allow_extension_operations": true,
            "availability_set_id": "",
            "boot_diagnostics": [],
            "computer_name": "example-machine",
            "custom_data": null,
            "dedicated_host_id": "",
            "disable_password_authentication": true,
            "eviction_policy": "",
            "id": "/subscriptions/f372ad19-f805-4f72-a450-4e67a635a998/resourceGroups/local-rgp/providers/Microsoft.Compute/virtualMachines/example-machine",
            "identity": [],
            "location": "westeurope",
            "max_bid_price": -1,
            "name": "example-machine",
            "network_interface_ids": [
              "/subscriptions/f372ad19-f805-4f72-a450-4e67a635a998/resourceGroups/local-rgp/providers/Microsoft.Network/networkInterfaces/local-interface"
            ],
            "os_disk": [
              {
                "caching": "ReadWrite",
                "diff_disk_settings": [],
                "disk_encryption_set_id": "",
                "disk_size_gb": 30,
                "name": "example-machine_OsDisk_1_7d130983486b4e559490f29af86c2a24",
                "storage_account_type": "Standard_LRS",
                "write_accelerator_enabled": false
              }
            ],
            "plan": [],
            "priority": "Regular",
            "private_ip_address": "10.0.1.4",
            "private_ip_addresses": [
              "10.0.1.4"
            ],
            "provision_vm_agent": true,
            "proximity_placement_group_id": "",
            "public_ip_address": "137.117.244.99",
            "public_ip_addresses": [
              "137.117.244.99"
            ],
            "resource_group_name": "local-rgp",
            "secret": [],
            "size": "Standard_F2",
            "source_image_id": "",
            "source_image_reference": [
              {
                "offer": "UbuntuServer",
                "publisher": "Canonical",
                "sku": "16.04-LTS",
                "version": "latest"
              }
            ],
            "tags": null,
            "timeouts": null,
            "virtual_machine_id": "4801869e-eea9-4c5d-9a90-49d47809c6a4",
            "zone": ""
          },
          "private": "eyJlMmJmYjczMC1lY2FhLTExZTYtOGY4OC0zNDM2M2JjN2M0YzAiOnsiY3JlYXRlIjoyNzAwMDAwMDAwMDAwLCJkZWxldGUiOjI3MDAwMDAwMDAwMDAsInJlYWQiOjMwMDAwMDAwMDAwMCwidXBkYXRlIjoyNzAwMDAwMDAwMDAwfX0=",
          "dependencies": [
            "azurerm_network_interface.local-inter",
            "azurerm_public_ip.local-publicip",
            "azurerm_resource_group.local-rgp",
            "azurerm_subnet.local-subnet",
            "azurerm_virtual_network.local-vnet"
          ]
        }
      ]
    },
    {
      "mode": "managed",
      "type": "azurerm_network_interface",
      "name": "local-inter",
      "provider": "provider.azurerm",
      "instances": [
        {
          "schema_version": 0,
          "attributes": {
            "applied_dns_servers": [],
            "dns_servers": [],
            "enable_accelerated_networking": false,
            "enable_ip_forwarding": false,
            "id": "/subscriptions/f372ad19-f805-4f72-a450-4e67a635a998/resourceGroups/local-rgp/providers/Microsoft.Network/networkInterfaces/local-interface",
            "internal_dns_name_label": "",
            "ip_configuration": [
              {
                "name": "internal",
                "primary": true,
                "private_ip_address": "10.0.1.4",
                "private_ip_address_allocation": "Dynamic",
                "private_ip_address_version": "IPv4",
                "public_ip_address_id": "/subscriptions/f372ad19-f805-4f72-a450-4e67a635a998/resourceGroups/local-rgp/providers/Microsoft.Network/publicIPAddresses/public-local-ip",
                "subnet_id": "/subscriptions/f372ad19-f805-4f72-a450-4e67a635a998/resourceGroups/local-rgp/providers/Microsoft.Network/virtualNetworks/local-vnet/subnets/local-subnet"
              }
            ],
            "location": "westeurope",
            "mac_address": "",
            "name": "local-interface",
            "private_ip_address": "10.0.1.4",
            "private_ip_addresses": [
              "10.0.1.4"
            ],
            "resource_group_name": "local-rgp",
            "tags": null,
            "timeouts": null,
            "virtual_machine_id": ""
          },
          "private": "eyJlMmJmYjczMC1lY2FhLTExZTYtOGY4OC0zNDM2M2JjN2M0YzAiOnsiY3JlYXRlIjoxODAwMDAwMDAwMDAwLCJkZWxldGUiOjE4MDAwMDAwMDAwMDAsInJlYWQiOjMwMDAwMDAwMDAwMCwidXBkYXRlIjoxODAwMDAwMDAwMDAwfX0=",
          "dependencies": [
            "azurerm_public_ip.local-publicip",
            "azurerm_resource_group.local-rgp",
            "azurerm_subnet.local-subnet",
            "azurerm_virtual_network.local-vnet"
          ]
        }
      ]
    },
    {
      "mode": "managed",
      "type": "azurerm_public_ip",
      "name": "local-publicip",
      "provider": "provider.azurerm",
      "instances": [
        {
          "schema_version": 0,
          "attributes": {
            "allocation_method": "Dynamic",
            "domain_name_label": null,
            "fqdn": null,
            "id": "/subscriptions/f372ad19-f805-4f72-a450-4e67a635a998/resourceGroups/local-rgp/providers/Microsoft.Network/publicIPAddresses/public-local-ip",
            "idle_timeout_in_minutes": 30,
            "ip_address": "",
            "ip_version": "IPv4",
            "location": "westeurope",
            "name": "public-local-ip",
            "public_ip_prefix_id": null,
            "resource_group_name": "local-rgp",
            "reverse_fqdn": null,
            "sku": "Basic",
            "tags": null,
            "timeouts": null,
            "zones": null
          },
          "private": "eyJlMmJmYjczMC1lY2FhLTExZTYtOGY4OC0zNDM2M2JjN2M0YzAiOnsiY3JlYXRlIjoxODAwMDAwMDAwMDAwLCJkZWxldGUiOjE4MDAwMDAwMDAwMDAsInJlYWQiOjMwMDAwMDAwMDAwMCwidXBkYXRlIjoxODAwMDAwMDAwMDAwfX0=",
          "dependencies": [
            "azurerm_resource_group.local-rgp"
          ]
        }
      ]
    },
    {
      "mode": "managed",
      "type": "azurerm_resource_group",
      "name": "local-rgp",
      "provider": "provider.azurerm",
      "instances": [
        {
          "schema_version": 0,
          "attributes": {
            "id": "/subscriptions/f372ad19-f805-4f72-a450-4e67a635a998/resourceGroups/local-rgp",
            "location": "westeurope",
            "name": "local-rgp",
            "tags": null,
            "timeouts": null
          },
          "private": "eyJlMmJmYjczMC1lY2FhLTExZTYtOGY4OC0zNDM2M2JjN2M0YzAiOnsiY3JlYXRlIjo1NDAwMDAwMDAwMDAwLCJkZWxldGUiOjU0MDAwMDAwMDAwMDAsInJlYWQiOjMwMDAwMDAwMDAwMCwidXBkYXRlIjo1NDAwMDAwMDAwMDAwfX0="
        }
      ]
    },
    {
      "mode": "managed",
      "type": "azurerm_storage_account",
      "name": "local-stg",
      "provider": "provider.azurerm",
      "instances": [
        {
          "schema_version": 2,
          "attributes": {
            "access_tier": "Hot",
            "account_kind": "StorageV2",
            "account_replication_type": "LRS",
            "account_tier": "Standard",
            "blob_properties": [],
            "custom_domain": [],
            "enable_https_traffic_only": true,
            "id": "/subscriptions/f372ad19-f805-4f72-a450-4e67a635a998/resourceGroups/local-rgp/providers/Microsoft.Storage/storageAccounts/localstgtesting",
            "identity": [],
            "is_hns_enabled": false,
            "location": "westeurope",
            "name": "localstgtesting",
            "network_rules": [
              {
                "bypass": [
                  "AzureServices"
                ],
                "default_action": "Allow",
                "ip_rules": [],
                "virtual_network_subnet_ids": []
              }
            ],
            "primary_access_key": "7pstnlKwzPDrcAd/k+uzitoEsPvhOCFYuh0EzimdfG8TwmDHbLlgOU3V4CFsy/0ZpNAM13wHAYS/yRIzxMhl2Q==",
            "primary_blob_connection_string": "DefaultEndpointsProtocol=https;BlobEndpoint=https://localstgtesting.blob.core.windows.net/;AccountName=localstgtesting;AccountKey=7pstnlKwzPDrcAd/k+uzitoEsPvhOCFYuh0EzimdfG8TwmDHbLlgOU3V4CFsy/0ZpNAM13wHAYS/yRIzxMhl2Q==",
            "primary_blob_endpoint": "https://localstgtesting.blob.core.windows.net/",
            "primary_blob_host": "localstgtesting.blob.core.windows.net",
            "primary_connection_string": "DefaultEndpointsProtocol=https;AccountName=localstgtesting;AccountKey=7pstnlKwzPDrcAd/k+uzitoEsPvhOCFYuh0EzimdfG8TwmDHbLlgOU3V4CFsy/0ZpNAM13wHAYS/yRIzxMhl2Q==;EndpointSuffix=core.windows.net",
            "primary_dfs_endpoint": "https://localstgtesting.dfs.core.windows.net/",
            "primary_dfs_host": "localstgtesting.dfs.core.windows.net",
            "primary_file_endpoint": "https://localstgtesting.file.core.windows.net/",
            "primary_file_host": "localstgtesting.file.core.windows.net",
            "primary_location": "westeurope",
            "primary_queue_endpoint": "https://localstgtesting.queue.core.windows.net/",
            "primary_queue_host": "localstgtesting.queue.core.windows.net",
            "primary_table_endpoint": "https://localstgtesting.table.core.windows.net/",
            "primary_table_host": "localstgtesting.table.core.windows.net",
            "primary_web_endpoint": "https://localstgtesting.z6.web.core.windows.net/",
            "primary_web_host": "localstgtesting.z6.web.core.windows.net",
            "queue_properties": [
              {
                "cors_rule": [],
                "hour_metrics": [
                  {
                    "enabled": true,
                    "include_apis": true,
                    "retention_policy_days": 7,
                    "version": "1.0"
                  }
                ],
                "logging": [
                  {
                    "delete": false,
                    "read": false,
                    "retention_policy_days": 0,
                    "version": "1.0",
                    "write": false
                  }
                ],
                "minute_metrics": [
                  {
                    "enabled": false,
                    "include_apis": false,
                    "retention_policy_days": 0,
                    "version": "1.0"
                  }
                ]
              }
            ],
            "resource_group_name": "local-rgp",
            "secondary_access_key": "IAtmYAluZgHKouO41/WNIfKHOOWfAvDIrdiaCd4wJAsiaXaZwAt5Y4g64JOiv+xVMArKBDNSt9BEBf0jGCifZg==",
            "secondary_blob_connection_string": "",
            "secondary_blob_endpoint": null,
            "secondary_blob_host": null,
            "secondary_connection_string": "DefaultEndpointsProtocol=https;AccountName=localstgtesting;AccountKey=IAtmYAluZgHKouO41/WNIfKHOOWfAvDIrdiaCd4wJAsiaXaZwAt5Y4g64JOiv+xVMArKBDNSt9BEBf0jGCifZg==;EndpointSuffix=core.windows.net",
            "secondary_dfs_endpoint": null,
            "secondary_dfs_host": null,
            "secondary_file_endpoint": null,
            "secondary_file_host": null,
            "secondary_location": "",
            "secondary_queue_endpoint": null,
            "secondary_queue_host": null,
            "secondary_table_endpoint": null,
            "secondary_table_host": null,
            "secondary_web_endpoint": null,
            "secondary_web_host": null,
            "static_website": [],
            "tags": {
              "environment": "staging"
            },
            "timeouts": null
          },
          "private": "eyJlMmJmYjczMC1lY2FhLTExZTYtOGY4OC0zNDM2M2JjN2M0YzAiOnsiY3JlYXRlIjozNjAwMDAwMDAwMDAwLCJkZWxldGUiOjM2MDAwMDAwMDAwMDAsInJlYWQiOjMwMDAwMDAwMDAwMCwidXBkYXRlIjozNjAwMDAwMDAwMDAwfSwic2NoZW1hX3ZlcnNpb24iOiIyIn0=",
          "dependencies": [
            "azurerm_resource_group.local-rgp"
          ]
        }
      ]
    },
    {
      "mode": "managed",
      "type": "azurerm_subnet",
      "name": "local-subnet",
      "provider": "provider.azurerm",
      "instances": [
        {
          "schema_version": 0,
          "attributes": {
            "address_prefix": "10.0.1.0/24",
            "delegation": [],
            "enforce_private_link_endpoint_network_policies": false,
            "enforce_private_link_service_network_policies": false,
            "id": "/subscriptions/f372ad19-f805-4f72-a450-4e67a635a998/resourceGroups/local-rgp/providers/Microsoft.Network/virtualNetworks/local-vnet/subnets/local-subnet",
            "name": "local-subnet",
            "resource_group_name": "local-rgp",
            "service_endpoints": null,
            "timeouts": null,
            "virtual_network_name": "local-vnet"
          },
          "private": "eyJlMmJmYjczMC1lY2FhLTExZTYtOGY4OC0zNDM2M2JjN2M0YzAiOnsiY3JlYXRlIjoxODAwMDAwMDAwMDAwLCJkZWxldGUiOjE4MDAwMDAwMDAwMDAsInJlYWQiOjMwMDAwMDAwMDAwMCwidXBkYXRlIjoxODAwMDAwMDAwMDAwfX0=",
          "dependencies": [
            "azurerm_resource_group.local-rgp",
            "azurerm_virtual_network.local-vnet"
          ]
        }
      ]
    },
    {
      "mode": "managed",
      "type": "azurerm_virtual_machine_extension",
      "name": "example",
      "provider": "provider.azurerm",
      "instances": [
        {
          "schema_version": 0,
          "attributes": {
            "auto_upgrade_minor_version": false,
            "id": "/subscriptions/f372ad19-f805-4f72-a450-4e67a635a998/resourceGroups/local-rgp/providers/Microsoft.Compute/virtualMachines/example-machine/extensions/hostname",
            "name": "hostname",
            "protected_settings": null,
            "publisher": "Microsoft.Azure.Extensions",
            "settings": "{\"commandToExecute\":\"hostname \\u0026\\u0026 uptime \\u003e /tmp/sam\"}",
            "tags": {
              "environment": "Production"
            },
            "timeouts": null,
            "type": "CustomScript",
            "type_handler_version": "2.0",
            "virtual_machine_id": "/subscriptions/f372ad19-f805-4f72-a450-4e67a635a998/resourceGroups/local-rgp/providers/Microsoft.Compute/virtualMachines/example-machine"
          },
          "private": "eyJlMmJmYjczMC1lY2FhLTExZTYtOGY4OC0zNDM2M2JjN2M0YzAiOnsiY3JlYXRlIjoxODAwMDAwMDAwMDAwLCJkZWxldGUiOjE4MDAwMDAwMDAwMDAsInJlYWQiOjMwMDAwMDAwMDAwMCwidXBkYXRlIjoxODAwMDAwMDAwMDAwfX0=",
          "dependencies": [
            "azurerm_linux_virtual_machine.example",
            "azurerm_network_interface.local-inter",
            "azurerm_public_ip.local-publicip",
            "azurerm_resource_group.local-rgp",
            "azurerm_subnet.local-subnet",
            "azurerm_virtual_network.local-vnet"
          ]
        }
      ]
    },
    {
      "mode": "managed",
      "type": "azurerm_virtual_network",
      "name": "local-vnet",
      "provider": "provider.azurerm",
      "instances": [
        {
          "schema_version": 0,
          "attributes": {
            "address_space": [
              "10.0.0.0/16"
            ],
            "ddos_protection_plan": [],
            "dns_servers": null,
            "id": "/subscriptions/f372ad19-f805-4f72-a450-4e67a635a998/resourceGroups/local-rgp/providers/Microsoft.Network/virtualNetworks/local-vnet",
            "location": "westeurope",
            "name": "local-vnet",
            "resource_group_name": "local-rgp",
            "subnet": [],
            "tags": null,
            "timeouts": null
          },
          "private": "eyJlMmJmYjczMC1lY2FhLTExZTYtOGY4OC0zNDM2M2JjN2M0YzAiOnsiY3JlYXRlIjoxODAwMDAwMDAwMDAwLCJkZWxldGUiOjE4MDAwMDAwMDAwMDAsInJlYWQiOjMwMDAwMDAwMDAwMCwidXBkYXRlIjoxODAwMDAwMDAwMDAwfX0=",
          "dependencies": [
            "azurerm_resource_group.local-rgp"
          ]
        }
      ]
    }
  ]
}
