{
  "version": 4,
  "terraform_version": "0.12.24",
  "serial": 136,
  "lineage": "286700c8-eb28-f4d9-1c5c-535b2f62c8ff",
  "outputs": {
    "ipaddress": {
      "value": "13.81.249.120",
      "type": "string"
    },
    "ipaddresspri": {
      "value": "10.0.1.4",
      "type": "string"
    }
  },
  "resources": [
    {
      "mode": "managed",
      "type": "azurerm_linux_virtual_machine",
      "name": "example",
      "provider": "provider.azurerm",
      "instances": [
        {
          "schema_version": 0,
          "attributes": {
            "additional_capabilities": [],
            "admin_password": null,
            "admin_ssh_key": [
              {
                "public_key": "ssh-rsa AAAAB3NzaC1yc2EAAAADAQABAAABAQDrzYK1H4+Rta+gv5pHK40fmrNKqMGU0pHtwkmKsnFcziOTftuEQS0FeshTsQuunRjVfO9Q+oBz1s6rSsn7O6+UThoET1GV4zP0PPQhwu6b1EY1MRgy0cV5qCwbW3DHRr4izrAOcpsCPIV5mDwpxg31gKXJnc3Tza+bu/PQ65D1EKsW5fqJd/pNZK1DiM6ViR11Hp5ncHrk21hJCwKSV3d5eujcBDFBZ6Yj8LJ9zkhKdEPDzKgRJl+DG+HgXoSJetPoecoErzEALb3ZBkB43cNXQEeu/5o3/a2/9ig1tOsabEwD7SJfVP9y39GtBaEWTE+b3PKibKBpbyImSmz93wkJ root@node01\n",
                "username": "adminuser"
              }
            ],
            "admin_username": "adminuser",
            "allow_extension_operations": true,
            "availability_set_id": "",
            "boot_diagnostics": [],
            "computer_name": "example-machine",
            "custom_data": null,
            "dedicated_host_id": "",
            "disable_password_authentication": true,
            "eviction_policy": "",
            "id": "/subscriptions/f372ad19-f805-4f72-a450-4e67a635a998/resourceGroups/local-rgp/providers/Microsoft.Compute/virtualMachines/example-machine",
            "identity": [],
            "location": "westeurope",
            "max_bid_price": -1,
            "name": "example-machine",
            "network_interface_ids": [
              "/subscriptions/f372ad19-f805-4f72-a450-4e67a635a998/resourceGroups/local-rgp/providers/Microsoft.Network/networkInterfaces/local-interface"
            ],
            "os_disk": [
              {
                "caching": "ReadWrite",
                "diff_disk_settings": [],
                "disk_encryption_set_id": "",
                "disk_size_gb": 30,
                "name": "example-machine_OsDisk_1_77f7aa4396d945359a2b43b45b26ec93",
                "storage_account_type": "Standard_LRS",
                "write_accelerator_enabled": false
              }
            ],
            "plan": [],
            "priority": "Regular",
            "private_ip_address": "10.0.1.4",
            "private_ip_addresses": [
              "10.0.1.4"
            ],
            "provision_vm_agent": true,
            "proximity_placement_group_id": "",
            "public_ip_address": "13.81.249.120",
            "public_ip_addresses": [
              "13.81.249.120"
            ],
            "resource_group_name": "local-rgp",
            "secret": [],
            "size": "Standard_F2",
            "source_image_id": "",
            "source_image_reference": [
              {
                "offer": "UbuntuServer",
                "publisher": "Canonical",
                "sku": "16.04-LTS",
                "version": "latest"
              }
            ],
            "tags": {},
            "timeouts": null,
            "virtual_machine_id": "319d7e70-2c20-4c36-b8fb-f7f1ff203b89",
            "zone": ""
          },
          "private": "eyJlMmJmYjczMC1lY2FhLTExZTYtOGY4OC0zNDM2M2JjN2M0YzAiOnsiY3JlYXRlIjoyNzAwMDAwMDAwMDAwLCJkZWxldGUiOjI3MDAwMDAwMDAwMDAsInJlYWQiOjMwMDAwMDAwMDAwMCwidXBkYXRlIjoyNzAwMDAwMDAwMDAwfX0=",
          "dependencies": [
            "azurerm_network_interface.local-inter",
            "azurerm_public_ip.local-publicip",
            "azurerm_resource_group.local-rgp",
            "azurerm_subnet.local-subnet",
            "azurerm_virtual_network.local-vnet"
          ]
        }
      ]
    },
    {
      "mode": "managed",
      "type": "azurerm_network_interface",
      "name": "local-inter",
      "provider": "provider.azurerm",
      "instances": [
        {
          "schema_version": 0,
          "attributes": {
            "applied_dns_servers": [],
            "dns_servers": [],
            "enable_accelerated_networking": false,
            "enable_ip_forwarding": false,
            "id": "/subscriptions/f372ad19-f805-4f72-a450-4e67a635a998/resourceGroups/local-rgp/providers/Microsoft.Network/networkInterfaces/local-interface",
            "internal_dns_name_label": "",
            "ip_configuration": [
              {
                "name": "internal",
                "primary": true,
                "private_ip_address": "10.0.1.4",
                "private_ip_address_allocation": "Dynamic",
                "private_ip_address_version": "IPv4",
                "public_ip_address_id": "/subscriptions/f372ad19-f805-4f72-a450-4e67a635a998/resourceGroups/local-rgp/providers/Microsoft.Network/publicIPAddresses/public-local-ip",
                "subnet_id": "/subscriptions/f372ad19-f805-4f72-a450-4e67a635a998/resourceGroups/local-rgp/providers/Microsoft.Network/virtualNetworks/local-vnet/subnets/local-subnet"
              }
            ],
            "location": "westeurope",
            "mac_address": "00-0D-3A-27-EF-27",
            "name": "local-interface",
            "private_ip_address": "10.0.1.4",
            "private_ip_addresses": [
              "10.0.1.4"
            ],
            "resource_group_name": "local-rgp",
            "tags": {},
            "timeouts": null,
            "virtual_machine_id": "/subscriptions/f372ad19-f805-4f72-a450-4e67a635a998/resourceGroups/local-rgp/providers/Microsoft.Compute/virtualMachines/example-machine"
          },
          "private": "eyJlMmJmYjczMC1lY2FhLTExZTYtOGY4OC0zNDM2M2JjN2M0YzAiOnsiY3JlYXRlIjoxODAwMDAwMDAwMDAwLCJkZWxldGUiOjE4MDAwMDAwMDAwMDAsInJlYWQiOjMwMDAwMDAwMDAwMCwidXBkYXRlIjoxODAwMDAwMDAwMDAwfX0=",
          "dependencies": [
            "azurerm_public_ip.local-publicip",
            "azurerm_resource_group.local-rgp",
            "azurerm_subnet.local-subnet",
            "azurerm_virtual_network.local-vnet"
          ]
        }
      ]
    },
    {
      "mode": "managed",
      "type": "azurerm_public_ip",
      "name": "local-publicip",
      "provider": "provider.azurerm",
      "instances": [
        {
          "schema_version": 0,
          "attributes": {
            "allocation_method": "Dynamic",
            "domain_name_label": null,
            "fqdn": null,
            "id": "/subscriptions/f372ad19-f805-4f72-a450-4e67a635a998/resourceGroups/local-rgp/providers/Microsoft.Network/publicIPAddresses/public-local-ip",
            "idle_timeout_in_minutes": 30,
            "ip_address": "13.81.249.120",
            "ip_version": "IPv4",
            "location": "westeurope",
            "name": "public-local-ip",
            "public_ip_prefix_id": null,
            "resource_group_name": "local-rgp",
            "reverse_fqdn": null,
            "sku": "Basic",
            "tags": {},
            "timeouts": null,
            "zones": []
          },
          "private": "eyJlMmJmYjczMC1lY2FhLTExZTYtOGY4OC0zNDM2M2JjN2M0YzAiOnsiY3JlYXRlIjoxODAwMDAwMDAwMDAwLCJkZWxldGUiOjE4MDAwMDAwMDAwMDAsInJlYWQiOjMwMDAwMDAwMDAwMCwidXBkYXRlIjoxODAwMDAwMDAwMDAwfX0=",
          "dependencies": [
            "azurerm_resource_group.local-rgp"
          ]
        }
      ]
    },
    {
      "mode": "managed",
      "type": "azurerm_resource_group",
      "name": "local-rgp",
      "provider": "provider.azurerm",
      "instances": [
        {
          "schema_version": 0,
          "attributes": {
            "id": "/subscriptions/f372ad19-f805-4f72-a450-4e67a635a998/resourceGroups/local-rgp",
            "location": "westeurope",
            "name": "local-rgp",
            "tags": {},
            "timeouts": null
          },
          "private": "eyJlMmJmYjczMC1lY2FhLTExZTYtOGY4OC0zNDM2M2JjN2M0YzAiOnsiY3JlYXRlIjo1NDAwMDAwMDAwMDAwLCJkZWxldGUiOjU0MDAwMDAwMDAwMDAsInJlYWQiOjMwMDAwMDAwMDAwMCwidXBkYXRlIjo1NDAwMDAwMDAwMDAwfX0="
        }
      ]
    },
    {
      "mode": "managed",
      "type": "azurerm_subnet",
      "name": "local-subnet",
      "provider": "provider.azurerm",
      "instances": [
        {
          "schema_version": 0,
          "attributes": {
            "address_prefix": "10.0.1.0/24",
            "delegation": [],
            "enforce_private_link_endpoint_network_policies": false,
            "enforce_private_link_service_network_policies": false,
            "id": "/subscriptions/f372ad19-f805-4f72-a450-4e67a635a998/resourceGroups/local-rgp/providers/Microsoft.Network/virtualNetworks/local-vnet/subnets/local-subnet",
            "name": "local-subnet",
            "resource_group_name": "local-rgp",
            "service_endpoints": [],
            "timeouts": null,
            "virtual_network_name": "local-vnet"
          },
          "private": "eyJlMmJmYjczMC1lY2FhLTExZTYtOGY4OC0zNDM2M2JjN2M0YzAiOnsiY3JlYXRlIjoxODAwMDAwMDAwMDAwLCJkZWxldGUiOjE4MDAwMDAwMDAwMDAsInJlYWQiOjMwMDAwMDAwMDAwMCwidXBkYXRlIjoxODAwMDAwMDAwMDAwfX0=",
          "dependencies": [
            "azurerm_resource_group.local-rgp",
            "azurerm_virtual_network.local-vnet"
          ]
        }
      ]
    },
    {
      "mode": "managed",
      "type": "azurerm_virtual_machine_extension",
      "name": "example",
      "provider": "provider.azurerm",
      "instances": [
        {
          "schema_version": 0,
          "attributes": {
            "auto_upgrade_minor_version": false,
            "id": "/subscriptions/f372ad19-f805-4f72-a450-4e67a635a998/resourceGroups/local-rgp/providers/Microsoft.Compute/virtualMachines/example-machine/extensions/hostname",
            "name": "hostname",
            "protected_settings": null,
            "publisher": "Microsoft.Azure.Extensions",
            "settings": "{\"commandToExecute\":\"hostname \\u0026\\u0026 uptime \\u003e /tmp/sam\"}",
            "tags": {
              "environment": "Production"
            },
            "timeouts": null,
            "type": "CustomScript",
            "type_handler_version": "2.0",
            "virtual_machine_id": "/subscriptions/f372ad19-f805-4f72-a450-4e67a635a998/resourceGroups/local-rgp/providers/Microsoft.Compute/virtualMachines/example-machine"
          }
        }
      ]
    },
    {
      "mode": "managed",
      "type": "azurerm_virtual_network",
      "name": "local-vnet",
      "provider": "provider.azurerm",
      "instances": [
        {
          "schema_version": 0,
          "attributes": {
            "address_space": [
              "10.0.0.0/16"
            ],
            "ddos_protection_plan": [],
            "dns_servers": [],
            "id": "/subscriptions/f372ad19-f805-4f72-a450-4e67a635a998/resourceGroups/local-rgp/providers/Microsoft.Network/virtualNetworks/local-vnet",
            "location": "westeurope",
            "name": "local-vnet",
            "resource_group_name": "local-rgp",
            "subnet": [
              {
                "address_prefix": "10.0.1.0/24",
                "id": "/subscriptions/f372ad19-f805-4f72-a450-4e67a635a998/resourceGroups/local-rgp/providers/Microsoft.Network/virtualNetworks/local-vnet/subnets/local-subnet",
                "name": "local-subnet",
                "security_group": ""
              }
            ],
            "tags": {},
            "timeouts": null
          },
          "private": "eyJlMmJmYjczMC1lY2FhLTExZTYtOGY4OC0zNDM2M2JjN2M0YzAiOnsiY3JlYXRlIjoxODAwMDAwMDAwMDAwLCJkZWxldGUiOjE4MDAwMDAwMDAwMDAsInJlYWQiOjMwMDAwMDAwMDAwMCwidXBkYXRlIjoxODAwMDAwMDAwMDAwfX0=",
          "dependencies": [
            "azurerm_resource_group.local-rgp"
          ]
        }
      ]
    }
  ]
}
